// !$*UTF8*$!
{
	archiveVersion = 1;
	classes = {
	};
	objectVersion = 46;
	objects = {

/* Begin PBXBuildFile section */
		442CD0EA1A34B4A5001DB15E /* menu-red-32.png in Resources */ = {isa = PBXBuildFile; fileRef = 442CD0E91A34B4A5001DB15E /* menu-red-32.png */; };
		44354C6C1A16922300FFD46D /* main.m in Sources */ = {isa = PBXBuildFile; fileRef = 44354C6B1A16922300FFD46D /* main.m */; };
		44354C6F1A16922300FFD46D /* AppDelegate.m in Sources */ = {isa = PBXBuildFile; fileRef = 44354C6E1A16922300FFD46D /* AppDelegate.m */; };
		44354C781A16922300FFD46D /* Main.storyboard in Resources */ = {isa = PBXBuildFile; fileRef = 44354C761A16922300FFD46D /* Main.storyboard */; };
		44354C7A1A16922300FFD46D /* Images.xcassets in Resources */ = {isa = PBXBuildFile; fileRef = 44354C791A16922300FFD46D /* Images.xcassets */; };
		44354C7D1A16922300FFD46D /* LaunchScreen.xib in Resources */ = {isa = PBXBuildFile; fileRef = 44354C7B1A16922300FFD46D /* LaunchScreen.xib */; };
		44354C891A16922300FFD46D /* DrivingWhileTeenTests.m in Sources */ = {isa = PBXBuildFile; fileRef = 44354C881A16922300FFD46D /* DrivingWhileTeenTests.m */; };
		443EF1471A2D5FDC008A5EA3 /* edit_user-red-50.png in Resources */ = {isa = PBXBuildFile; fileRef = 443EF1461A2D5FDC008A5EA3 /* edit_user-red-50.png */; };
		443EF1491A2D5FF8008A5EA3 /* phone2-red-50.png in Resources */ = {isa = PBXBuildFile; fileRef = 443EF1481A2D5FF8008A5EA3 /* phone2-red-50.png */; };
		443EF14C1A2D60A9008A5EA3 /* email-red-50.png in Resources */ = {isa = PBXBuildFile; fileRef = 443EF14A1A2D60A9008A5EA3 /* email-red-50.png */; };
		443EF14D1A2D60A9008A5EA3 /* phone1-red-50.png in Resources */ = {isa = PBXBuildFile; fileRef = 443EF14B1A2D60A9008A5EA3 /* phone1-red-50.png */; };
		443EF1511A2D61E6008A5EA3 /* edit_user-red-32.png in Resources */ = {isa = PBXBuildFile; fileRef = 443EF14E1A2D61E6008A5EA3 /* edit_user-red-32.png */; };
		443EF1521A2D61E6008A5EA3 /* email-red-32.png in Resources */ = {isa = PBXBuildFile; fileRef = 443EF14F1A2D61E6008A5EA3 /* email-red-32.png */; };
		443EF1531A2D61E6008A5EA3 /* phone1-red-32.png in Resources */ = {isa = PBXBuildFile; fileRef = 443EF1501A2D61E6008A5EA3 /* phone1-red-32.png */; };
		443EF1581A2D691B008A5EA3 /* SNParentProfileViewController.m in Sources */ = {isa = PBXBuildFile; fileRef = 443EF1571A2D691B008A5EA3 /* SNParentProfileViewController.m */; };
		44557C361A60854800C9947E /* gps_receiving-red-50.png in Resources */ = {isa = PBXBuildFile; fileRef = 44557C351A60854800C9947E /* gps_receiving-red-50.png */; };
		449FC3911A17E20A00F15D62 /* SWRevealViewController.m in Sources */ = {isa = PBXBuildFile; fileRef = 449FC3901A17E20A00F15D62 /* SWRevealViewController.m */; };
		449FC3951A17E65B00F15D62 /* date-red-50.png in Resources */ = {isa = PBXBuildFile; fileRef = 449FC3921A17E65B00F15D62 /* date-red-50.png */; };
		449FC3971A17E65B00F15D62 /* settings-red-50.png in Resources */ = {isa = PBXBuildFile; fileRef = 449FC3941A17E65B00F15D62 /* settings-red-50.png */; };
		449FC3991A17E6CE00F15D62 /* parent_guardian-red-50.png in Resources */ = {isa = PBXBuildFile; fileRef = 449FC3981A17E6CE00F15D62 /* parent_guardian-red-50.png */; };
		449FC39B1A17E7EE00F15D62 /* map-red-50.png in Resources */ = {isa = PBXBuildFile; fileRef = 449FC39A1A17E7EE00F15D62 /* map-red-50.png */; };
		449FC39E1A17E87700F15D62 /* SNSidebarViewController.m in Sources */ = {isa = PBXBuildFile; fileRef = 449FC39D1A17E87700F15D62 /* SNSidebarViewController.m */; };
		449FC3A01A17EC7800F15D62 /* about-red-50.png in Resources */ = {isa = PBXBuildFile; fileRef = 449FC39F1A17EC7800F15D62 /* about-red-50.png */; };
		449FC3A21A17EE9E00F15D62 /* carpool-red-50.png in Resources */ = {isa = PBXBuildFile; fileRef = 449FC3A11A17EE9E00F15D62 /* carpool-red-50.png */; };
		44BEFC8D1A40CCC900F2FAE9 /* SNParentProfile.m in Sources */ = {isa = PBXBuildFile; fileRef = 44BEFC8C1A40CCC900F2FAE9 /* SNParentProfile.m */; };
		44CF7FFD1A4F8943001171A0 /* SNI Shield.png in Resources */ = {isa = PBXBuildFile; fileRef = 44CF7FFC1A4F8943001171A0 /* SNI Shield.png */; };
		44CF7FFF1A4F8A0A001171A0 /* SNI Shield-2.png in Resources */ = {isa = PBXBuildFile; fileRef = 44CF7FFE1A4F8A0A001171A0 /* SNI Shield-2.png */; };
		44CF80021A4FABBC001171A0 /* camcoder-red-50.png in Resources */ = {isa = PBXBuildFile; fileRef = 44CF80001A4FABBC001171A0 /* camcoder-red-50.png */; };
		44CF80031A4FABBC001171A0 /* location-red-50.png in Resources */ = {isa = PBXBuildFile; fileRef = 44CF80011A4FABBC001171A0 /* location-red-50.png */; };
		44CF80061A520CB5001171A0 /* SNTeenProfile.m in Sources */ = {isa = PBXBuildFile; fileRef = 44CF80051A520CB5001171A0 /* SNTeenProfile.m */; };
		44CF80081A5B0F97001171A0 /* MessageUI.framework in Frameworks */ = {isa = PBXBuildFile; fileRef = 44CF80071A5B0F97001171A0 /* MessageUI.framework */; };
		44CF800B1A5B7FD9001171A0 /* SNTeenProfileViewController.m in Sources */ = {isa = PBXBuildFile; fileRef = 44CF800A1A5B7FD9001171A0 /* SNTeenProfileViewController.m */; };
		44CF80111A5C7F8F001171A0 /* SNAboutViewController.m in Sources */ = {isa = PBXBuildFile; fileRef = 44CF80101A5C7F8F001171A0 /* SNAboutViewController.m */; };
		44E537601A30D10C0081630F /* SNTableViewCell.m in Sources */ = {isa = PBXBuildFile; fileRef = 44E5375F1A30D10C0081630F /* SNTableViewCell.m */; };
		44F6C99A1A1698A1008D8186 /* down2-red-50.png in Resources */ = {isa = PBXBuildFile; fileRef = 44F6C9851A1698A1008D8186 /* down2-red-50.png */; };
		44F6C99B1A1698A1008D8186 /* driver-red-50.png in Resources */ = {isa = PBXBuildFile; fileRef = 44F6C9861A1698A1008D8186 /* driver-red-50.png */; };
		44F6C99C1A1698A1008D8186 /* engine-red-50.png in Resources */ = {isa = PBXBuildFile; fileRef = 44F6C9871A1698A1008D8186 /* engine-red-50.png */; };
		44F6C99D1A1698A1008D8186 /* find_user-red-50.png in Resources */ = {isa = PBXBuildFile; fileRef = 44F6C9881A1698A1008D8186 /* find_user-red-50.png */; };
		44F6C99E1A1698A1008D8186 /* flash_light-red-50.png in Resources */ = {isa = PBXBuildFile; fileRef = 44F6C9891A1698A1008D8186 /* flash_light-red-50.png */; };
		44F6C99F1A1698A1008D8186 /* idea_bulb-red-50.png in Resources */ = {isa = PBXBuildFile; fileRef = 44F6C98A1A1698A1008D8186 /* idea_bulb-red-50.png */; };
		44F6C9A01A1698A1008D8186 /* iphone-red-50.png in Resources */ = {isa = PBXBuildFile; fileRef = 44F6C98B1A1698A1008D8186 /* iphone-red-50.png */; };
		44F6C9A11A1698A1008D8186 /* listen-red-50.png in Resources */ = {isa = PBXBuildFile; fileRef = 44F6C98C1A1698A1008D8186 /* listen-red-50.png */; };
		44F6C9A41A1698A1008D8186 /* menu-red-50.png in Resources */ = {isa = PBXBuildFile; fileRef = 44F6C98F1A1698A1008D8186 /* menu-red-50.png */; };
		44F6C9A51A1698A1008D8186 /* parent_guardian-red-25.png in Resources */ = {isa = PBXBuildFile; fileRef = 44F6C9901A1698A1008D8186 /* parent_guardian-red-25.png */; };
		44F6C9A71A1698A1008D8186 /* police_badge-red-50.png in Resources */ = {isa = PBXBuildFile; fileRef = 44F6C9921A1698A1008D8186 /* police_badge-red-50.png */; };
		44F6C9A81A1698A1008D8186 /* question-red-50.png in Resources */ = {isa = PBXBuildFile; fileRef = 44F6C9931A1698A1008D8186 /* question-red-50.png */; };
		44F6C9A91A1698A1008D8186 /* right-red-50.png in Resources */ = {isa = PBXBuildFile; fileRef = 44F6C9941A1698A1008D8186 /* right-red-50.png */; };
		44F6C9AA1A1698A1008D8186 /* right2-red-50.png in Resources */ = {isa = PBXBuildFile; fileRef = 44F6C9951A1698A1008D8186 /* right2-red-50.png */; };
		44F6C9AB1A1698A1008D8186 /* smartphone_tablet-red-50.png in Resources */ = {isa = PBXBuildFile; fileRef = 44F6C9961A1698A1008D8186 /* smartphone_tablet-red-50.png */; };
		44F6C9AC1A1698A1008D8186 /* steering_wheel-red-50.png in Resources */ = {isa = PBXBuildFile; fileRef = 44F6C9971A1698A1008D8186 /* steering_wheel-red-50.png */; };
		44F6C9AD1A1698A1008D8186 /* talk-red-50.png in Resources */ = {isa = PBXBuildFile; fileRef = 44F6C9981A1698A1008D8186 /* talk-red-50.png */; };
		44F6C9AE1A1698A1008D8186 /* two_smartphones-red-50.png in Resources */ = {isa = PBXBuildFile; fileRef = 44F6C9991A1698A1008D8186 /* two_smartphones-red-50.png */; };
		44F6CA351A16B10F008D8186 /* SNMainTableViewController.m in Sources */ = {isa = PBXBuildFile; fileRef = 44F6CA321A16B10F008D8186 /* SNMainTableViewController.m */; };
		44F6CA381A179A04008D8186 /* CoreLocation.framework in Frameworks */ = {isa = PBXBuildFile; fileRef = 44F6CA371A179A04008D8186 /* CoreLocation.framework */; };
		44F6CA3A1A17A426008D8186 /* QuartzCore.framework in Frameworks */ = {isa = PBXBuildFile; fileRef = 44F6CA391A17A426008D8186 /* QuartzCore.framework */; };
		44F6CA3C1A17A452008D8186 /* UIKit.framework in Frameworks */ = {isa = PBXBuildFile; fileRef = 44F6CA3B1A17A452008D8186 /* UIKit.framework */; };
		44F6CA3E1A17A81D008D8186 /* Foundation.framework in Frameworks */ = {isa = PBXBuildFile; fileRef = 44F6CA3D1A17A81D008D8186 /* Foundation.framework */; };
/* End PBXBuildFile section */

/* Begin PBXContainerItemProxy section */
		44354C831A16922300FFD46D /* PBXContainerItemProxy */ = {
			isa = PBXContainerItemProxy;
			containerPortal = 44354C5E1A16922300FFD46D /* Project object */;
			proxyType = 1;
			remoteGlobalIDString = 44354C651A16922300FFD46D;
			remoteInfo = DrivingWhileTeen;
		};
/* End PBXContainerItemProxy section */

/* Begin PBXFileReference section */
		442CD0E91A34B4A5001DB15E /* menu-red-32.png */ = {isa = PBXFileReference; lastKnownFileType = image.png; path = "menu-red-32.png"; sourceTree = "<group>"; };
		44354C661A16922300FFD46D /* DrivingWhileTeen.app */ = {isa = PBXFileReference; explicitFileType = wrapper.application; includeInIndex = 0; path = DrivingWhileTeen.app; sourceTree = BUILT_PRODUCTS_DIR; };
		44354C6A1A16922300FFD46D /* Info.plist */ = {isa = PBXFileReference; lastKnownFileType = text.plist.xml; path = Info.plist; sourceTree = "<group>"; };
		44354C6B1A16922300FFD46D /* main.m */ = {isa = PBXFileReference; lastKnownFileType = sourcecode.c.objc; path = main.m; sourceTree = "<group>"; };
		44354C6D1A16922300FFD46D /* AppDelegate.h */ = {isa = PBXFileReference; lastKnownFileType = sourcecode.c.h; path = AppDelegate.h; sourceTree = "<group>"; };
		44354C6E1A16922300FFD46D /* AppDelegate.m */ = {isa = PBXFileReference; lastKnownFileType = sourcecode.c.objc; path = AppDelegate.m; sourceTree = "<group>"; };
		44354C771A16922300FFD46D /* Base */ = {isa = PBXFileReference; lastKnownFileType = file.storyboard; name = Base; path = Base.lproj/Main.storyboard; sourceTree = "<group>"; };
		44354C791A16922300FFD46D /* Images.xcassets */ = {isa = PBXFileReference; lastKnownFileType = folder.assetcatalog; path = Images.xcassets; sourceTree = "<group>"; };
		44354C7C1A16922300FFD46D /* Base */ = {isa = PBXFileReference; lastKnownFileType = file.xib; name = Base; path = Base.lproj/LaunchScreen.xib; sourceTree = "<group>"; };
		44354C821A16922300FFD46D /* DrivingWhileTeenTests.xctest */ = {isa = PBXFileReference; explicitFileType = wrapper.cfbundle; includeInIndex = 0; path = DrivingWhileTeenTests.xctest; sourceTree = BUILT_PRODUCTS_DIR; };
		44354C871A16922300FFD46D /* Info.plist */ = {isa = PBXFileReference; lastKnownFileType = text.plist.xml; path = Info.plist; sourceTree = "<group>"; };
		44354C881A16922300FFD46D /* DrivingWhileTeenTests.m */ = {isa = PBXFileReference; lastKnownFileType = sourcecode.c.objc; path = DrivingWhileTeenTests.m; sourceTree = "<group>"; };
		443EF1461A2D5FDC008A5EA3 /* edit_user-red-50.png */ = {isa = PBXFileReference; lastKnownFileType = image.png; path = "edit_user-red-50.png"; sourceTree = "<group>"; };
		443EF1481A2D5FF8008A5EA3 /* phone2-red-50.png */ = {isa = PBXFileReference; lastKnownFileType = image.png; path = "phone2-red-50.png"; sourceTree = "<group>"; };
		443EF14A1A2D60A9008A5EA3 /* email-red-50.png */ = {isa = PBXFileReference; lastKnownFileType = image.png; path = "email-red-50.png"; sourceTree = "<group>"; };
		443EF14B1A2D60A9008A5EA3 /* phone1-red-50.png */ = {isa = PBXFileReference; lastKnownFileType = image.png; path = "phone1-red-50.png"; sourceTree = "<group>"; };
		443EF14E1A2D61E6008A5EA3 /* edit_user-red-32.png */ = {isa = PBXFileReference; lastKnownFileType = image.png; path = "edit_user-red-32.png"; sourceTree = "<group>"; };
		443EF14F1A2D61E6008A5EA3 /* email-red-32.png */ = {isa = PBXFileReference; lastKnownFileType = image.png; path = "email-red-32.png"; sourceTree = "<group>"; };
		443EF1501A2D61E6008A5EA3 /* phone1-red-32.png */ = {isa = PBXFileReference; lastKnownFileType = image.png; path = "phone1-red-32.png"; sourceTree = "<group>"; };
		443EF1561A2D691B008A5EA3 /* SNParentProfileViewController.h */ = {isa = PBXFileReference; fileEncoding = 4; lastKnownFileType = sourcecode.c.h; path = SNParentProfileViewController.h; sourceTree = "<group>"; };
		443EF1571A2D691B008A5EA3 /* SNParentProfileViewController.m */ = {isa = PBXFileReference; fileEncoding = 4; lastKnownFileType = sourcecode.c.objc; path = SNParentProfileViewController.m; sourceTree = "<group>"; };
		44557C351A60854800C9947E /* gps_receiving-red-50.png */ = {isa = PBXFileReference; lastKnownFileType = image.png; path = "gps_receiving-red-50.png"; sourceTree = "<group>"; };
		449FC38F1A17E20A00F15D62 /* SWRevealViewController.h */ = {isa = PBXFileReference; fileEncoding = 4; lastKnownFileType = sourcecode.c.h; path = SWRevealViewController.h; sourceTree = "<group>"; };
		449FC3901A17E20A00F15D62 /* SWRevealViewController.m */ = {isa = PBXFileReference; fileEncoding = 4; lastKnownFileType = sourcecode.c.objc; path = SWRevealViewController.m; sourceTree = "<group>"; };
		449FC3921A17E65B00F15D62 /* date-red-50.png */ = {isa = PBXFileReference; lastKnownFileType = image.png; path = "date-red-50.png"; sourceTree = "<group>"; };
		449FC3941A17E65B00F15D62 /* settings-red-50.png */ = {isa = PBXFileReference; lastKnownFileType = image.png; path = "settings-red-50.png"; sourceTree = "<group>"; };
		449FC3981A17E6CE00F15D62 /* parent_guardian-red-50.png */ = {isa = PBXFileReference; lastKnownFileType = image.png; path = "parent_guardian-red-50.png"; sourceTree = "<group>"; };
		449FC39A1A17E7EE00F15D62 /* map-red-50.png */ = {isa = PBXFileReference; lastKnownFileType = image.png; path = "map-red-50.png"; sourceTree = "<group>"; };
		449FC39C1A17E87700F15D62 /* SNSidebarViewController.h */ = {isa = PBXFileReference; fileEncoding = 4; lastKnownFileType = sourcecode.c.h; path = SNSidebarViewController.h; sourceTree = "<group>"; };
		449FC39D1A17E87700F15D62 /* SNSidebarViewController.m */ = {isa = PBXFileReference; fileEncoding = 4; lastKnownFileType = sourcecode.c.objc; path = SNSidebarViewController.m; sourceTree = "<group>"; };
		449FC39F1A17EC7800F15D62 /* about-red-50.png */ = {isa = PBXFileReference; lastKnownFileType = image.png; path = "about-red-50.png"; sourceTree = "<group>"; };
		449FC3A11A17EE9E00F15D62 /* carpool-red-50.png */ = {isa = PBXFileReference; lastKnownFileType = image.png; path = "carpool-red-50.png"; sourceTree = "<group>"; };
		44BEFC8B1A40CCC900F2FAE9 /* SNParentProfile.h */ = {isa = PBXFileReference; fileEncoding = 4; lastKnownFileType = sourcecode.c.h; path = SNParentProfile.h; sourceTree = "<group>"; };
		44BEFC8C1A40CCC900F2FAE9 /* SNParentProfile.m */ = {isa = PBXFileReference; fileEncoding = 4; lastKnownFileType = sourcecode.c.objc; path = SNParentProfile.m; sourceTree = "<group>"; };
		44CF7FFC1A4F8943001171A0 /* SNI Shield.png */ = {isa = PBXFileReference; lastKnownFileType = image.png; path = "SNI Shield.png"; sourceTree = "<group>"; };
		44CF7FFE1A4F8A0A001171A0 /* SNI Shield-2.png */ = {isa = PBXFileReference; lastKnownFileType = image.png; path = "SNI Shield-2.png"; sourceTree = "<group>"; };
		44CF80001A4FABBC001171A0 /* camcoder-red-50.png */ = {isa = PBXFileReference; lastKnownFileType = image.png; path = "camcoder-red-50.png"; sourceTree = "<group>"; };
		44CF80011A4FABBC001171A0 /* location-red-50.png */ = {isa = PBXFileReference; lastKnownFileType = image.png; path = "location-red-50.png"; sourceTree = "<group>"; };
		44CF80041A520CB5001171A0 /* SNTeenProfile.h */ = {isa = PBXFileReference; fileEncoding = 4; lastKnownFileType = sourcecode.c.h; path = SNTeenProfile.h; sourceTree = "<group>"; };
		44CF80051A520CB5001171A0 /* SNTeenProfile.m */ = {isa = PBXFileReference; fileEncoding = 4; lastKnownFileType = sourcecode.c.objc; path = SNTeenProfile.m; sourceTree = "<group>"; };
		44CF80071A5B0F97001171A0 /* MessageUI.framework */ = {isa = PBXFileReference; lastKnownFileType = wrapper.framework; name = MessageUI.framework; path = System/Library/Frameworks/MessageUI.framework; sourceTree = SDKROOT; };
		44CF80091A5B7FD9001171A0 /* SNTeenProfileViewController.h */ = {isa = PBXFileReference; fileEncoding = 4; lastKnownFileType = sourcecode.c.h; path = SNTeenProfileViewController.h; sourceTree = "<group>"; };
		44CF800A1A5B7FD9001171A0 /* SNTeenProfileViewController.m */ = {isa = PBXFileReference; fileEncoding = 4; lastKnownFileType = sourcecode.c.objc; path = SNTeenProfileViewController.m; sourceTree = "<group>"; };
		44CF800F1A5C7F8F001171A0 /* SNAboutViewController.h */ = {isa = PBXFileReference; fileEncoding = 4; lastKnownFileType = sourcecode.c.h; name = SNAboutViewController.h; path = ../SNAboutViewController.h; sourceTree = "<group>"; };
		44CF80101A5C7F8F001171A0 /* SNAboutViewController.m */ = {isa = PBXFileReference; fileEncoding = 4; lastKnownFileType = sourcecode.c.objc; name = SNAboutViewController.m; path = ../SNAboutViewController.m; sourceTree = "<group>"; };
		44E5375E1A30D10C0081630F /* SNTableViewCell.h */ = {isa = PBXFileReference; fileEncoding = 4; lastKnownFileType = sourcecode.c.h; path = SNTableViewCell.h; sourceTree = "<group>"; };
		44E5375F1A30D10C0081630F /* SNTableViewCell.m */ = {isa = PBXFileReference; fileEncoding = 4; lastKnownFileType = sourcecode.c.objc; path = SNTableViewCell.m; sourceTree = "<group>"; };
		44F6C9851A1698A1008D8186 /* down2-red-50.png */ = {isa = PBXFileReference; lastKnownFileType = image.png; path = "down2-red-50.png"; sourceTree = "<group>"; };
		44F6C9861A1698A1008D8186 /* driver-red-50.png */ = {isa = PBXFileReference; lastKnownFileType = image.png; path = "driver-red-50.png"; sourceTree = "<group>"; };
		44F6C9871A1698A1008D8186 /* engine-red-50.png */ = {isa = PBXFileReference; lastKnownFileType = image.png; path = "engine-red-50.png"; sourceTree = "<group>"; };
		44F6C9881A1698A1008D8186 /* find_user-red-50.png */ = {isa = PBXFileReference; lastKnownFileType = image.png; path = "find_user-red-50.png"; sourceTree = "<group>"; };
		44F6C9891A1698A1008D8186 /* flash_light-red-50.png */ = {isa = PBXFileReference; lastKnownFileType = image.png; path = "flash_light-red-50.png"; sourceTree = "<group>"; };
		44F6C98A1A1698A1008D8186 /* idea_bulb-red-50.png */ = {isa = PBXFileReference; lastKnownFileType = image.png; path = "idea_bulb-red-50.png"; sourceTree = "<group>"; };
		44F6C98B1A1698A1008D8186 /* iphone-red-50.png */ = {isa = PBXFileReference; lastKnownFileType = image.png; path = "iphone-red-50.png"; sourceTree = "<group>"; };
		44F6C98C1A1698A1008D8186 /* listen-red-50.png */ = {isa = PBXFileReference; lastKnownFileType = image.png; path = "listen-red-50.png"; sourceTree = "<group>"; };
		44F6C98F1A1698A1008D8186 /* menu-red-50.png */ = {isa = PBXFileReference; lastKnownFileType = image.png; path = "menu-red-50.png"; sourceTree = "<group>"; };
		44F6C9901A1698A1008D8186 /* parent_guardian-red-25.png */ = {isa = PBXFileReference; lastKnownFileType = image.png; path = "parent_guardian-red-25.png"; sourceTree = "<group>"; };
		44F6C9921A1698A1008D8186 /* police_badge-red-50.png */ = {isa = PBXFileReference; lastKnownFileType = image.png; path = "police_badge-red-50.png"; sourceTree = "<group>"; };
		44F6C9931A1698A1008D8186 /* question-red-50.png */ = {isa = PBXFileReference; lastKnownFileType = image.png; path = "question-red-50.png"; sourceTree = "<group>"; };
		44F6C9941A1698A1008D8186 /* right-red-50.png */ = {isa = PBXFileReference; lastKnownFileType = image.png; path = "right-red-50.png"; sourceTree = "<group>"; };
		44F6C9951A1698A1008D8186 /* right2-red-50.png */ = {isa = PBXFileReference; lastKnownFileType = image.png; path = "right2-red-50.png"; sourceTree = "<group>"; };
		44F6C9961A1698A1008D8186 /* smartphone_tablet-red-50.png */ = {isa = PBXFileReference; lastKnownFileType = image.png; path = "smartphone_tablet-red-50.png"; sourceTree = "<group>"; };
		44F6C9971A1698A1008D8186 /* steering_wheel-red-50.png */ = {isa = PBXFileReference; lastKnownFileType = image.png; path = "steering_wheel-red-50.png"; sourceTree = "<group>"; };
		44F6C9981A1698A1008D8186 /* talk-red-50.png */ = {isa = PBXFileReference; lastKnownFileType = image.png; path = "talk-red-50.png"; sourceTree = "<group>"; };
		44F6C9991A1698A1008D8186 /* two_smartphones-red-50.png */ = {isa = PBXFileReference; lastKnownFileType = image.png; path = "two_smartphones-red-50.png"; sourceTree = "<group>"; };
		44F6CA311A16B10F008D8186 /* SNMainTableViewController.h */ = {isa = PBXFileReference; fileEncoding = 4; lastKnownFileType = sourcecode.c.h; path = SNMainTableViewController.h; sourceTree = "<group>"; };
		44F6CA321A16B10F008D8186 /* SNMainTableViewController.m */ = {isa = PBXFileReference; fileEncoding = 4; lastKnownFileType = sourcecode.c.objc; path = SNMainTableViewController.m; sourceTree = "<group>"; };
		44F6CA371A179A04008D8186 /* CoreLocation.framework */ = {isa = PBXFileReference; lastKnownFileType = wrapper.framework; name = CoreLocation.framework; path = System/Library/Frameworks/CoreLocation.framework; sourceTree = SDKROOT; };
		44F6CA391A17A426008D8186 /* QuartzCore.framework */ = {isa = PBXFileReference; lastKnownFileType = wrapper.framework; name = QuartzCore.framework; path = System/Library/Frameworks/QuartzCore.framework; sourceTree = SDKROOT; };
		44F6CA3B1A17A452008D8186 /* UIKit.framework */ = {isa = PBXFileReference; lastKnownFileType = wrapper.framework; name = UIKit.framework; path = System/Library/Frameworks/UIKit.framework; sourceTree = SDKROOT; };
		44F6CA3D1A17A81D008D8186 /* Foundation.framework */ = {isa = PBXFileReference; lastKnownFileType = wrapper.framework; name = Foundation.framework; path = System/Library/Frameworks/Foundation.framework; sourceTree = SDKROOT; };
/* End PBXFileReference section */

/* Begin PBXFrameworksBuildPhase section */
		44354C631A16922300FFD46D /* Frameworks */ = {
			isa = PBXFrameworksBuildPhase;
			buildActionMask = 2147483647;
			files = (
				44CF80081A5B0F97001171A0 /* MessageUI.framework in Frameworks */,
				44F6CA3E1A17A81D008D8186 /* Foundation.framework in Frameworks */,
				44F6CA3C1A17A452008D8186 /* UIKit.framework in Frameworks */,
				44F6CA3A1A17A426008D8186 /* QuartzCore.framework in Frameworks */,
				44F6CA381A179A04008D8186 /* CoreLocation.framework in Frameworks */,
			);
			runOnlyForDeploymentPostprocessing = 0;
		};
		44354C7F1A16922300FFD46D /* Frameworks */ = {
			isa = PBXFrameworksBuildPhase;
			buildActionMask = 2147483647;
			files = (
			);
			runOnlyForDeploymentPostprocessing = 0;
		};
/* End PBXFrameworksBuildPhase section */

/* Begin PBXGroup section */
		44354C5D1A16922300FFD46D = {
			isa = PBXGroup;
			children = (
				44CF80071A5B0F97001171A0 /* MessageUI.framework */,
				44F6CA3D1A17A81D008D8186 /* Foundation.framework */,
				44F6CA3B1A17A452008D8186 /* UIKit.framework */,
				44F6CA391A17A426008D8186 /* QuartzCore.framework */,
				44F6CA371A179A04008D8186 /* CoreLocation.framework */,
				44354C681A16922300FFD46D /* DrivingWhileTeen */,
				44354C851A16922300FFD46D /* DrivingWhileTeenTests */,
				44354C671A16922300FFD46D /* Products */,
			);
			sourceTree = "<group>";
		};
		44354C671A16922300FFD46D /* Products */ = {
			isa = PBXGroup;
			children = (
				44354C661A16922300FFD46D /* DrivingWhileTeen.app */,
				44354C821A16922300FFD46D /* DrivingWhileTeenTests.xctest */,
			);
			name = Products;
			sourceTree = "<group>";
		};
		44354C681A16922300FFD46D /* DrivingWhileTeen */ = {
			isa = PBXGroup;
			children = (
				449FC38E1A17E20A00F15D62 /* Library */,
				44F6C9841A1698A1008D8186 /* images */,
				449FC39C1A17E87700F15D62 /* SNSidebarViewController.h */,
				449FC39D1A17E87700F15D62 /* SNSidebarViewController.m */,
				44F6CA311A16B10F008D8186 /* SNMainTableViewController.h */,
				44F6CA321A16B10F008D8186 /* SNMainTableViewController.m */,
				443EF1561A2D691B008A5EA3 /* SNParentProfileViewController.h */,
				443EF1571A2D691B008A5EA3 /* SNParentProfileViewController.m */,
				44CF80091A5B7FD9001171A0 /* SNTeenProfileViewController.h */,
				44CF800A1A5B7FD9001171A0 /* SNTeenProfileViewController.m */,
				44CF800F1A5C7F8F001171A0 /* SNAboutViewController.h */,
				44CF80101A5C7F8F001171A0 /* SNAboutViewController.m */,
				44E5375E1A30D10C0081630F /* SNTableViewCell.h */,
				44E5375F1A30D10C0081630F /* SNTableViewCell.m */,
				44BEFC8B1A40CCC900F2FAE9 /* SNParentProfile.h */,
				44BEFC8C1A40CCC900F2FAE9 /* SNParentProfile.m */,
				44CF80041A520CB5001171A0 /* SNTeenProfile.h */,
				44CF80051A520CB5001171A0 /* SNTeenProfile.m */,
				44354C6D1A16922300FFD46D /* AppDelegate.h */,
				44354C6E1A16922300FFD46D /* AppDelegate.m */,
				44354C761A16922300FFD46D /* Main.storyboard */,
				44354C791A16922300FFD46D /* Images.xcassets */,
				44354C7B1A16922300FFD46D /* LaunchScreen.xib */,
				44354C691A16922300FFD46D /* Supporting Files */,
			);
			path = DrivingWhileTeen;
			sourceTree = "<group>";
		};
		44354C691A16922300FFD46D /* Supporting Files */ = {
			isa = PBXGroup;
			children = (
				44354C6A1A16922300FFD46D /* Info.plist */,
				44354C6B1A16922300FFD46D /* main.m */,
			);
			name = "Supporting Files";
			sourceTree = "<group>";
		};
		44354C851A16922300FFD46D /* DrivingWhileTeenTests */ = {
			isa = PBXGroup;
			children = (
				44354C881A16922300FFD46D /* DrivingWhileTeenTests.m */,
				44354C861A16922300FFD46D /* Supporting Files */,
			);
			path = DrivingWhileTeenTests;
			sourceTree = "<group>";
		};
		44354C861A16922300FFD46D /* Supporting Files */ = {
			isa = PBXGroup;
			children = (
				44354C871A16922300FFD46D /* Info.plist */,
			);
			name = "Supporting Files";
			sourceTree = "<group>";
		};
		449FC38E1A17E20A00F15D62 /* Library */ = {
			isa = PBXGroup;
			children = (
				449FC38F1A17E20A00F15D62 /* SWRevealViewController.h */,
				449FC3901A17E20A00F15D62 /* SWRevealViewController.m */,
			);
			path = Library;
			sourceTree = "<group>";
		};
		44F6C9841A1698A1008D8186 /* images */ = {
			isa = PBXGroup;
			children = (
				44557C351A60854800C9947E /* gps_receiving-red-50.png */,
				44CF80001A4FABBC001171A0 /* camcoder-red-50.png */,
				44CF80011A4FABBC001171A0 /* location-red-50.png */,
				44CF7FFE1A4F8A0A001171A0 /* SNI Shield-2.png */,
				44CF7FFC1A4F8943001171A0 /* SNI Shield.png */,
				442CD0E91A34B4A5001DB15E /* menu-red-32.png */,
				443EF14E1A2D61E6008A5EA3 /* edit_user-red-32.png */,
				443EF14F1A2D61E6008A5EA3 /* email-red-32.png */,
				443EF1501A2D61E6008A5EA3 /* phone1-red-32.png */,
				443EF14A1A2D60A9008A5EA3 /* email-red-50.png */,
				443EF14B1A2D60A9008A5EA3 /* phone1-red-50.png */,
				443EF1481A2D5FF8008A5EA3 /* phone2-red-50.png */,
				443EF1461A2D5FDC008A5EA3 /* edit_user-red-50.png */,
				449FC39F1A17EC7800F15D62 /* about-red-50.png */,
				449FC3A11A17EE9E00F15D62 /* carpool-red-50.png */,
				449FC39A1A17E7EE00F15D62 /* map-red-50.png */,
				449FC3981A17E6CE00F15D62 /* parent_guardian-red-50.png */,
				449FC3921A17E65B00F15D62 /* date-red-50.png */,
				449FC3941A17E65B00F15D62 /* settings-red-50.png */,
				44F6C9851A1698A1008D8186 /* down2-red-50.png */,
				44F6C9861A1698A1008D8186 /* driver-red-50.png */,
				44F6C9871A1698A1008D8186 /* engine-red-50.png */,
				44F6C9881A1698A1008D8186 /* find_user-red-50.png */,
				44F6C9891A1698A1008D8186 /* flash_light-red-50.png */,
				44F6C98A1A1698A1008D8186 /* idea_bulb-red-50.png */,
				44F6C98B1A1698A1008D8186 /* iphone-red-50.png */,
				44F6C98C1A1698A1008D8186 /* listen-red-50.png */,
				44F6C98F1A1698A1008D8186 /* menu-red-50.png */,
				44F6C9901A1698A1008D8186 /* parent_guardian-red-25.png */,
				44F6C9921A1698A1008D8186 /* police_badge-red-50.png */,
				44F6C9931A1698A1008D8186 /* question-red-50.png */,
				44F6C9941A1698A1008D8186 /* right-red-50.png */,
				44F6C9951A1698A1008D8186 /* right2-red-50.png */,
				44F6C9961A1698A1008D8186 /* smartphone_tablet-red-50.png */,
				44F6C9971A1698A1008D8186 /* steering_wheel-red-50.png */,
				44F6C9981A1698A1008D8186 /* talk-red-50.png */,
				44F6C9991A1698A1008D8186 /* two_smartphones-red-50.png */,
			);
			path = images;
			sourceTree = "<group>";
		};
/* End PBXGroup section */

/* Begin PBXNativeTarget section */
		44354C651A16922300FFD46D /* DrivingWhileTeen */ = {
			isa = PBXNativeTarget;
			buildConfigurationList = 44354C8C1A16922300FFD46D /* Build configuration list for PBXNativeTarget "DrivingWhileTeen" */;
			buildPhases = (
				44354C621A16922300FFD46D /* Sources */,
				44354C631A16922300FFD46D /* Frameworks */,
				44354C641A16922300FFD46D /* Resources */,
			);
			buildRules = (
			);
			dependencies = (
			);
			name = DrivingWhileTeen;
			productName = DrivingWhileTeen;
			productReference = 44354C661A16922300FFD46D /* DrivingWhileTeen.app */;
			productType = "com.apple.product-type.application";
		};
		44354C811A16922300FFD46D /* DrivingWhileTeenTests */ = {
			isa = PBXNativeTarget;
			buildConfigurationList = 44354C8F1A16922300FFD46D /* Build configuration list for PBXNativeTarget "DrivingWhileTeenTests" */;
			buildPhases = (
				44354C7E1A16922300FFD46D /* Sources */,
				44354C7F1A16922300FFD46D /* Frameworks */,
				44354C801A16922300FFD46D /* Resources */,
			);
			buildRules = (
			);
			dependencies = (
				44354C841A16922300FFD46D /* PBXTargetDependency */,
			);
			name = DrivingWhileTeenTests;
			productName = DrivingWhileTeenTests;
			productReference = 44354C821A16922300FFD46D /* DrivingWhileTeenTests.xctest */;
			productType = "com.apple.product-type.bundle.unit-test";
		};
/* End PBXNativeTarget section */

/* Begin PBXProject section */
		44354C5E1A16922300FFD46D /* Project object */ = {
			isa = PBXProject;
			attributes = {
				CLASSPREFIX = SN;
				LastUpgradeCheck = 0610;
				ORGANIZATIONNAME = "SafeNet Industries";
				TargetAttributes = {
					44354C651A16922300FFD46D = {
						CreatedOnToolsVersion = 6.1;
					};
					44354C811A16922300FFD46D = {
						CreatedOnToolsVersion = 6.1;
						TestTargetID = 44354C651A16922300FFD46D;
					};
				};
			};
			buildConfigurationList = 44354C611A16922300FFD46D /* Build configuration list for PBXProject "DrivingWhileTeen" */;
			compatibilityVersion = "Xcode 3.2";
			developmentRegion = English;
			hasScannedForEncodings = 0;
			knownRegions = (
				en,
				Base,
			);
			mainGroup = 44354C5D1A16922300FFD46D;
			productRefGroup = 44354C671A16922300FFD46D /* Products */;
			projectDirPath = "";
			projectRoot = "";
			targets = (
				44354C651A16922300FFD46D /* DrivingWhileTeen */,
				44354C811A16922300FFD46D /* DrivingWhileTeenTests */,
			);
		};
/* End PBXProject section */

/* Begin PBXResourcesBuildPhase section */
		44354C641A16922300FFD46D /* Resources */ = {
			isa = PBXResourcesBuildPhase;
			buildActionMask = 2147483647;
			files = (
				443EF1491A2D5FF8008A5EA3 /* phone2-red-50.png in Resources */,
				44F6C99F1A1698A1008D8186 /* idea_bulb-red-50.png in Resources */,
				44CF7FFF1A4F8A0A001171A0 /* SNI Shield-2.png in Resources */,
				44F6C99E1A1698A1008D8186 /* flash_light-red-50.png in Resources */,
				44F6C9AA1A1698A1008D8186 /* right2-red-50.png in Resources */,
				44F6C99C1A1698A1008D8186 /* engine-red-50.png in Resources */,
				44F6C9AE1A1698A1008D8186 /* two_smartphones-red-50.png in Resources */,
				44F6C9A91A1698A1008D8186 /* right-red-50.png in Resources */,
				44CF80021A4FABBC001171A0 /* camcoder-red-50.png in Resources */,
				44F6C9A81A1698A1008D8186 /* question-red-50.png in Resources */,
				44F6C9AD1A1698A1008D8186 /* talk-red-50.png in Resources */,
				44CF80031A4FABBC001171A0 /* location-red-50.png in Resources */,
				442CD0EA1A34B4A5001DB15E /* menu-red-32.png in Resources */,
				443EF14D1A2D60A9008A5EA3 /* phone1-red-50.png in Resources */,
				44F6C9A01A1698A1008D8186 /* iphone-red-50.png in Resources */,
				449FC39B1A17E7EE00F15D62 /* map-red-50.png in Resources */,
				44F6C99B1A1698A1008D8186 /* driver-red-50.png in Resources */,
				44F6C9A41A1698A1008D8186 /* menu-red-50.png in Resources */,
				443EF1471A2D5FDC008A5EA3 /* edit_user-red-50.png in Resources */,
				44F6C9A51A1698A1008D8186 /* parent_guardian-red-25.png in Resources */,
				443EF1511A2D61E6008A5EA3 /* edit_user-red-32.png in Resources */,
				44354C781A16922300FFD46D /* Main.storyboard in Resources */,
				449FC3971A17E65B00F15D62 /* settings-red-50.png in Resources */,
				443EF14C1A2D60A9008A5EA3 /* email-red-50.png in Resources */,
				44F6C9AB1A1698A1008D8186 /* smartphone_tablet-red-50.png in Resources */,
				449FC3A21A17EE9E00F15D62 /* carpool-red-50.png in Resources */,
				443EF1531A2D61E6008A5EA3 /* phone1-red-32.png in Resources */,
				44354C7D1A16922300FFD46D /* LaunchScreen.xib in Resources */,
				44F6C9A71A1698A1008D8186 /* police_badge-red-50.png in Resources */,
				44354C7A1A16922300FFD46D /* Images.xcassets in Resources */,
				44F6C99A1A1698A1008D8186 /* down2-red-50.png in Resources */,
				44CF7FFD1A4F8943001171A0 /* SNI Shield.png in Resources */,
				443EF1521A2D61E6008A5EA3 /* email-red-32.png in Resources */,
				449FC3A01A17EC7800F15D62 /* about-red-50.png in Resources */,
				44557C361A60854800C9947E /* gps_receiving-red-50.png in Resources */,
				44F6C9AC1A1698A1008D8186 /* steering_wheel-red-50.png in Resources */,
				44F6C99D1A1698A1008D8186 /* find_user-red-50.png in Resources */,
				44F6C9A11A1698A1008D8186 /* listen-red-50.png in Resources */,
				449FC3951A17E65B00F15D62 /* date-red-50.png in Resources */,
				449FC3991A17E6CE00F15D62 /* parent_guardian-red-50.png in Resources */,
			);
			runOnlyForDeploymentPostprocessing = 0;
		};
		44354C801A16922300FFD46D /* Resources */ = {
			isa = PBXResourcesBuildPhase;
			buildActionMask = 2147483647;
			files = (
			);
			runOnlyForDeploymentPostprocessing = 0;
		};
/* End PBXResourcesBuildPhase section */

/* Begin PBXSourcesBuildPhase section */
		44354C621A16922300FFD46D /* Sources */ = {
			isa = PBXSourcesBuildPhase;
			buildActionMask = 2147483647;
			files = (
				44CF80061A520CB5001171A0 /* SNTeenProfile.m in Sources */,
				44BEFC8D1A40CCC900F2FAE9 /* SNParentProfile.m in Sources */,
				44354C6F1A16922300FFD46D /* AppDelegate.m in Sources */,
				44CF800B1A5B7FD9001171A0 /* SNTeenProfileViewController.m in Sources */,
				44E537601A30D10C0081630F /* SNTableViewCell.m in Sources */,
				44CF80111A5C7F8F001171A0 /* SNAboutViewController.m in Sources */,
				443EF1581A2D691B008A5EA3 /* SNParentProfileViewController.m in Sources */,
				449FC3911A17E20A00F15D62 /* SWRevealViewController.m in Sources */,
				449FC39E1A17E87700F15D62 /* SNSidebarViewController.m in Sources */,
				44F6CA351A16B10F008D8186 /* SNMainTableViewController.m in Sources */,
				44354C6C1A16922300FFD46D /* main.m in Sources */,
			);
			runOnlyForDeploymentPostprocessing = 0;
		};
		44354C7E1A16922300FFD46D /* Sources */ = {
			isa = PBXSourcesBuildPhase;
			buildActionMask = 2147483647;
			files = (
				44354C891A16922300FFD46D /* DrivingWhileTeenTests.m in Sources */,
			);
			runOnlyForDeploymentPostprocessing = 0;
		};
/* End PBXSourcesBuildPhase section */

/* Begin PBXTargetDependency section */
		44354C841A16922300FFD46D /* PBXTargetDependency */ = {
			isa = PBXTargetDependency;
			target = 44354C651A16922300FFD46D /* DrivingWhileTeen */;
			targetProxy = 44354C831A16922300FFD46D /* PBXContainerItemProxy */;
		};
/* End PBXTargetDependency section */

/* Begin PBXVariantGroup section */
		44354C761A16922300FFD46D /* Main.storyboard */ = {
			isa = PBXVariantGroup;
			children = (
				44354C771A16922300FFD46D /* Base */,
			);
			name = Main.storyboard;
			sourceTree = "<group>";
		};
		44354C7B1A16922300FFD46D /* LaunchScreen.xib */ = {
			isa = PBXVariantGroup;
			children = (
				44354C7C1A16922300FFD46D /* Base */,
			);
			name = LaunchScreen.xib;
			sourceTree = "<group>";
		};
/* End PBXVariantGroup section */

/* Begin XCBuildConfiguration section */
		44354C8A1A16922300FFD46D /* Debug */ = {
			isa = XCBuildConfiguration;
			buildSettings = {
				ALWAYS_SEARCH_USER_PATHS = NO;
				CLANG_CXX_LANGUAGE_STANDARD = "gnu++0x";
				CLANG_CXX_LIBRARY = "libc++";
				CLANG_ENABLE_MODULES = YES;
				CLANG_ENABLE_OBJC_ARC = YES;
				CLANG_WARN_BOOL_CONVERSION = YES;
				CLANG_WARN_CONSTANT_CONVERSION = YES;
				CLANG_WARN_DIRECT_OBJC_ISA_USAGE = YES_ERROR;
				CLANG_WARN_EMPTY_BODY = YES;
				CLANG_WARN_ENUM_CONVERSION = YES;
				CLANG_WARN_INT_CONVERSION = YES;
				CLANG_WARN_OBJC_ROOT_CLASS = YES_ERROR;
				CLANG_WARN_UNREACHABLE_CODE = YES;
				CLANG_WARN__DUPLICATE_METHOD_MATCH = YES;
				"CODE_SIGN_IDENTITY[sdk=iphoneos*]" = "iPhone Developer";
				COPY_PHASE_STRIP = NO;
				ENABLE_STRICT_OBJC_MSGSEND = YES;
				GCC_C_LANGUAGE_STANDARD = gnu99;
				GCC_DYNAMIC_NO_PIC = NO;
				GCC_OPTIMIZATION_LEVEL = 0;
				GCC_PREPROCESSOR_DEFINITIONS = (
					"DEBUG=1",
					"$(inherited)",
				);
				GCC_SYMBOLS_PRIVATE_EXTERN = NO;
				GCC_WARN_64_TO_32_BIT_CONVERSION = YES;
				GCC_WARN_ABOUT_RETURN_TYPE = YES_ERROR;
				GCC_WARN_UNDECLARED_SELECTOR = YES;
				GCC_WARN_UNINITIALIZED_AUTOS = YES_AGGRESSIVE;
				GCC_WARN_UNUSED_FUNCTION = YES;
				GCC_WARN_UNUSED_VARIABLE = YES;
				IPHONEOS_DEPLOYMENT_TARGET = 8.1;
				MTL_ENABLE_DEBUG_INFO = YES;
				ONLY_ACTIVE_ARCH = YES;
				SDKROOT = iphoneos;
			};
			name = Debug;
		};
		44354C8B1A16922300FFD46D /* Release */ = {
			isa = XCBuildConfiguration;
			buildSettings = {
				ALWAYS_SEARCH_USER_PATHS = NO;
				CLANG_CXX_LANGUAGE_STANDARD = "gnu++0x";
				CLANG_CXX_LIBRARY = "libc++";
				CLANG_ENABLE_MODULES = YES;
				CLANG_ENABLE_OBJC_ARC = YES;
				CLANG_WARN_BOOL_CONVERSION = YES;
				CLANG_WARN_CONSTANT_CONVERSION = YES;
				CLANG_WARN_DIRECT_OBJC_ISA_USAGE = YES_ERROR;
				CLANG_WARN_EMPTY_BODY = YES;
				CLANG_WARN_ENUM_CONVERSION = YES;
				CLANG_WARN_INT_CONVERSION = YES;
				CLANG_WARN_OBJC_ROOT_CLASS = YES_ERROR;
				CLANG_WARN_UNREACHABLE_CODE = YES;
				CLANG_WARN__DUPLICATE_METHOD_MATCH = YES;
				"CODE_SIGN_IDENTITY[sdk=iphoneos*]" = "iPhone Developer";
				COPY_PHASE_STRIP = YES;
				ENABLE_NS_ASSERTIONS = NO;
				ENABLE_STRICT_OBJC_MSGSEND = YES;
				GCC_C_LANGUAGE_STANDARD = gnu99;
				GCC_WARN_64_TO_32_BIT_CONVERSION = YES;
				GCC_WARN_ABOUT_RETURN_TYPE = YES_ERROR;
				GCC_WARN_UNDECLARED_SELECTOR = YES;
				GCC_WARN_UNINITIALIZED_AUTOS = YES_AGGRESSIVE;
				GCC_WARN_UNUSED_FUNCTION = YES;
				GCC_WARN_UNUSED_VARIABLE = YES;
				IPHONEOS_DEPLOYMENT_TARGET = 8.1;
				MTL_ENABLE_DEBUG_INFO = NO;
				SDKROOT = iphoneos;
				VALIDATE_PRODUCT = YES;
			};
			name = Release;
		};
		44354C8D1A16922300FFD46D /* Debug */ = {
			isa = XCBuildConfiguration;
			buildSettings = {
				ASSETCATALOG_COMPILER_APPICON_NAME = AppIcon;
				CODE_SIGN_IDENTITY = "iPhone Developer";
				INFOPLIST_FILE = DrivingWhileTeen/Info.plist;
				LD_RUNPATH_SEARCH_PATHS = "$(inherited) @executable_path/Frameworks";
				PRODUCT_NAME = "$(TARGET_NAME)";
				TARGETED_DEVICE_FAMILY = 1;
			};
			name = Debug;
		};
		44354C8E1A16922300FFD46D /* Release */ = {
			isa = XCBuildConfiguration;
			buildSettings = {
				ASSETCATALOG_COMPILER_APPICON_NAME = AppIcon;
				CODE_SIGN_IDENTITY = "iPhone Developer";
				INFOPLIST_FILE = DrivingWhileTeen/Info.plist;
				LD_RUNPATH_SEARCH_PATHS = "$(inherited) @executable_path/Frameworks";
				PRODUCT_NAME = "$(TARGET_NAME)";
				TARGETED_DEVICE_FAMILY = 1;
			};
			name = Release;
		};
		44354C901A16922300FFD46D /* Debug */ = {
			isa = XCBuildConfiguration;
			buildSettings = {
				BUNDLE_LOADER = "$(TEST_HOST)";
				FRAMEWORK_SEARCH_PATHS = (
					"$(SDKROOT)/Developer/Library/Frameworks",
					"$(inherited)",
				);
				GCC_PREPROCESSOR_DEFINITIONS = (
					"DEBUG=1",
					"$(inherited)",
				);
				INFOPLIST_FILE = DrivingWhileTeenTests/Info.plist;
				LD_RUNPATH_SEARCH_PATHS = "$(inherited) @executable_path/Frameworks @loader_path/Frameworks";
				PRODUCT_NAME = "$(TARGET_NAME)";
				TEST_HOST = "$(BUILT_PRODUCTS_DIR)/DrivingWhileTeen.app/DrivingWhileTeen";
			};
			name = Debug;
		};
		44354C911A16922300FFD46D /* Release */ = {
			isa = XCBuildConfiguration;
			buildSettings = {
				BUNDLE_LOADER = "$(TEST_HOST)";
				FRAMEWORK_SEARCH_PATHS = (
					"$(SDKROOT)/Developer/Library/Frameworks",
					"$(inherited)",
				);
				INFOPLIST_FILE = DrivingWhileTeenTests/Info.plist;
				LD_RUNPATH_SEARCH_PATHS = "$(inherited) @executable_path/Frameworks @loader_path/Frameworks";
				PRODUCT_NAME = "$(TARGET_NAME)";
				TEST_HOST = "$(BUILT_PRODUCTS_DIR)/DrivingWhileTeen.app/DrivingWhileTeen";
			};
			name = Release;
		};
/* End XCBuildConfiguration section */

/* Begin XCConfigurationList section */
		44354C611A16922300FFD46D /* Build configuration list for PBXProject "DrivingWhileTeen" */ = {
			isa = XCConfigurationList;
			buildConfigurations = (
				44354C8A1A16922300FFD46D /* Debug */,
				44354C8B1A16922300FFD46D /* Release */,
			);
			defaultConfigurationIsVisible = 0;
			defaultConfigurationName = Release;
		};
		44354C8C1A16922300FFD46D /* Build configuration list for PBXNativeTarget "DrivingWhileTeen" */ = {
			isa = XCConfigurationList;
			buildConfigurations = (
				44354C8D1A16922300FFD46D /* Debug */,
				44354C8E1A16922300FFD46D /* Release */,
			);
			defaultConfigurationIsVisible = 0;
			defaultConfigurationName = Release;
		};
		44354C8F1A16922300FFD46D /* Build configuration list for PBXNativeTarget "DrivingWhileTeenTests" */ = {
			isa = XCConfigurationList;
			buildConfigurations = (
				44354C901A16922300FFD46D /* Debug */,
				44354C911A16922300FFD46D /* Release */,
			);
			defaultConfigurationIsVisible = 0;
			defaultConfigurationName = Release;
		};
/* End XCConfigurationList section */
	};
	rootObject = 44354C5E1A16922300FFD46D /* Project object */;
}
