// !$*UTF8*$!
{
	archiveVersion = 1;
	classes = {
	};
	objectVersion = 46;
	objects = {

/* Begin PBXBuildFile section */
		44354C6C1A16922300FFD46D /* main.m in Sources */ = {isa = PBXBuildFile; fileRef = 44354C6B1A16922300FFD46D /* main.m */; };
		44354C6F1A16922300FFD46D /* AppDelegate.m in Sources */ = {isa = PBXBuildFile; fileRef = 44354C6E1A16922300FFD46D /* AppDelegate.m */; };
		44354C781A16922300FFD46D /* Main.storyboard in Resources */ = {isa = PBXBuildFile; fileRef = 44354C761A16922300FFD46D /* Main.storyboard */; };
		44354C7A1A16922300FFD46D /* Images.xcassets in Resources */ = {isa = PBXBuildFile; fileRef = 44354C791A16922300FFD46D /* Images.xcassets */; };
		44354C7D1A16922300FFD46D /* LaunchScreen.xib in Resources */ = {isa = PBXBuildFile; fileRef = 44354C7B1A16922300FFD46D /* LaunchScreen.xib */; };
		44354C891A16922300FFD46D /* DrivingWhileTeenTests.m in Sources */ = {isa = PBXBuildFile; fileRef = 44354C881A16922300FFD46D /* DrivingWhileTeenTests.m */; };
		443EF1581A2D691B008A5EA3 /* SNParentProfileViewController.m in Sources */ = {isa = PBXBuildFile; fileRef = 443EF1571A2D691B008A5EA3 /* SNParentProfileViewController.m */; };
		44557C381A6C1C9100C9947E /* SNI Shield.icns in Resources */ = {isa = PBXBuildFile; fileRef = 44557C371A6C1C9100C9947E /* SNI Shield.icns */; };
		44557C3A1A6C1F9E00C9947E /* SNI Shield.png in Resources */ = {isa = PBXBuildFile; fileRef = 44557C391A6C1F9E00C9947E /* SNI Shield.png */; };
		44557C4C1A6C245800C9947E /* down2-red-50.png in Resources */ = {isa = PBXBuildFile; fileRef = 44557C3B1A6C245800C9947E /* down2-red-50.png */; };
		44557C4D1A6C245800C9947E /* driver-red-50.png in Resources */ = {isa = PBXBuildFile; fileRef = 44557C3C1A6C245800C9947E /* driver-red-50.png */; };
		44557C4E1A6C245800C9947E /* engine-red-50.png in Resources */ = {isa = PBXBuildFile; fileRef = 44557C3D1A6C245800C9947E /* engine-red-50.png */; };
		44557C4F1A6C245800C9947E /* find_user-red-50.png in Resources */ = {isa = PBXBuildFile; fileRef = 44557C3E1A6C245800C9947E /* find_user-red-50.png */; };
		44557C501A6C245800C9947E /* flash_light-red-50.png in Resources */ = {isa = PBXBuildFile; fileRef = 44557C3F1A6C245800C9947E /* flash_light-red-50.png */; };
		44557C511A6C245800C9947E /* idea_bulb-red-50.png in Resources */ = {isa = PBXBuildFile; fileRef = 44557C401A6C245800C9947E /* idea_bulb-red-50.png */; };
		44557C521A6C245800C9947E /* iphone-red-50.png in Resources */ = {isa = PBXBuildFile; fileRef = 44557C411A6C245800C9947E /* iphone-red-50.png */; };
		44557C531A6C245800C9947E /* listen-red-50.png in Resources */ = {isa = PBXBuildFile; fileRef = 44557C421A6C245800C9947E /* listen-red-50.png */; };
		44557C541A6C245800C9947E /* menu-red-50.png in Resources */ = {isa = PBXBuildFile; fileRef = 44557C431A6C245800C9947E /* menu-red-50.png */; };
		44557C551A6C245800C9947E /* police_badge-red-50.png in Resources */ = {isa = PBXBuildFile; fileRef = 44557C441A6C245800C9947E /* police_badge-red-50.png */; };
		44557C561A6C245800C9947E /* question-red-50.png in Resources */ = {isa = PBXBuildFile; fileRef = 44557C451A6C245800C9947E /* question-red-50.png */; };
		44557C571A6C245800C9947E /* right-red-50.png in Resources */ = {isa = PBXBuildFile; fileRef = 44557C461A6C245800C9947E /* right-red-50.png */; };
		44557C581A6C245800C9947E /* right2-red-50.png in Resources */ = {isa = PBXBuildFile; fileRef = 44557C471A6C245800C9947E /* right2-red-50.png */; };
		44557C591A6C245800C9947E /* smartphone_tablet-red-50.png in Resources */ = {isa = PBXBuildFile; fileRef = 44557C481A6C245800C9947E /* smartphone_tablet-red-50.png */; };
		44557C5A1A6C245800C9947E /* steering_wheel-red-50.png in Resources */ = {isa = PBXBuildFile; fileRef = 44557C491A6C245800C9947E /* steering_wheel-red-50.png */; };
		44557C5B1A6C245800C9947E /* talk-red-50.png in Resources */ = {isa = PBXBuildFile; fileRef = 44557C4A1A6C245800C9947E /* talk-red-50.png */; };
		44557C5C1A6C245800C9947E /* two_smartphones-red-50.png in Resources */ = {isa = PBXBuildFile; fileRef = 44557C4B1A6C245800C9947E /* two_smartphones-red-50.png */; };
		44557C761A6C272F00C9947E /* about-red-50.png in Resources */ = {isa = PBXBuildFile; fileRef = 44557C5D1A6C272F00C9947E /* about-red-50.png */; };
		44557C771A6C272F00C9947E /* camcoder-red-50.png in Resources */ = {isa = PBXBuildFile; fileRef = 44557C5E1A6C272F00C9947E /* camcoder-red-50.png */; };
		44557C781A6C272F00C9947E /* carpool-red-50.png in Resources */ = {isa = PBXBuildFile; fileRef = 44557C5F1A6C272F00C9947E /* carpool-red-50.png */; };
		44557C791A6C272F00C9947E /* date-red-50.png in Resources */ = {isa = PBXBuildFile; fileRef = 44557C601A6C272F00C9947E /* date-red-50.png */; };
		44557C7A1A6C272F00C9947E /* Default-568h@2x.png in Resources */ = {isa = PBXBuildFile; fileRef = 44557C611A6C272F00C9947E /* Default-568h@2x.png */; };
		44557C7B1A6C272F00C9947E /* Default.png in Resources */ = {isa = PBXBuildFile; fileRef = 44557C621A6C272F00C9947E /* Default.png */; };
		44557C7C1A6C272F00C9947E /* Default@2x.png in Resources */ = {isa = PBXBuildFile; fileRef = 44557C631A6C272F00C9947E /* Default@2x.png */; };
		44557C7D1A6C272F00C9947E /* edit_user-red-32.png in Resources */ = {isa = PBXBuildFile; fileRef = 44557C641A6C272F00C9947E /* edit_user-red-32.png */; };
		44557C7E1A6C272F00C9947E /* edit_user-red-50.png in Resources */ = {isa = PBXBuildFile; fileRef = 44557C651A6C272F00C9947E /* edit_user-red-50.png */; };
		44557C7F1A6C272F00C9947E /* email-red-32.png in Resources */ = {isa = PBXBuildFile; fileRef = 44557C661A6C272F00C9947E /* email-red-32.png */; };
		44557C801A6C272F00C9947E /* email-red-50.png in Resources */ = {isa = PBXBuildFile; fileRef = 44557C671A6C272F00C9947E /* email-red-50.png */; };
		44557C811A6C272F00C9947E /* gps_receiving-red-50.png in Resources */ = {isa = PBXBuildFile; fileRef = 44557C681A6C272F00C9947E /* gps_receiving-red-50.png */; };
		44557C821A6C272F00C9947E /* location-red-50.png in Resources */ = {isa = PBXBuildFile; fileRef = 44557C691A6C272F00C9947E /* location-red-50.png */; };
		44557C831A6C272F00C9947E /* map-red-50.png in Resources */ = {isa = PBXBuildFile; fileRef = 44557C6A1A6C272F00C9947E /* map-red-50.png */; };
		44557C841A6C272F00C9947E /* menu-red-25.png in Resources */ = {isa = PBXBuildFile; fileRef = 44557C6B1A6C272F00C9947E /* menu-red-25.png */; };
		44557C851A6C272F00C9947E /* menu-red-32.png in Resources */ = {isa = PBXBuildFile; fileRef = 44557C6C1A6C272F00C9947E /* menu-red-32.png */; };
		44557C861A6C272F00C9947E /* parent_guardian-red-25.png in Resources */ = {isa = PBXBuildFile; fileRef = 44557C6D1A6C272F00C9947E /* parent_guardian-red-25.png */; };
		44557C871A6C272F00C9947E /* parent_guardian-red-32.png in Resources */ = {isa = PBXBuildFile; fileRef = 44557C6E1A6C272F00C9947E /* parent_guardian-red-32.png */; };
		44557C881A6C272F00C9947E /* parent_guardian-red-50.png in Resources */ = {isa = PBXBuildFile; fileRef = 44557C6F1A6C272F00C9947E /* parent_guardian-red-50.png */; };
		44557C891A6C272F00C9947E /* phone1-red-32.png in Resources */ = {isa = PBXBuildFile; fileRef = 44557C701A6C272F00C9947E /* phone1-red-32.png */; };
		44557C8A1A6C272F00C9947E /* phone1-red-50.png in Resources */ = {isa = PBXBuildFile; fileRef = 44557C711A6C272F00C9947E /* phone1-red-50.png */; };
		44557C8B1A6C272F00C9947E /* phone2-red-50.png in Resources */ = {isa = PBXBuildFile; fileRef = 44557C721A6C272F00C9947E /* phone2-red-50.png */; };
		44557C8C1A6C272F00C9947E /* settings-red-50.png in Resources */ = {isa = PBXBuildFile; fileRef = 44557C731A6C272F00C9947E /* settings-red-50.png */; };
		44557C8D1A6C272F00C9947E /* SNI Shield.tiff in Resources */ = {isa = PBXBuildFile; fileRef = 44557C741A6C272F00C9947E /* SNI Shield.tiff */; };
		44557C8E1A6C272F00C9947E /* talk-red-50 22-12-11-322.png in Resources */ = {isa = PBXBuildFile; fileRef = 44557C751A6C272F00C9947E /* talk-red-50 22-12-11-322.png */; };
		44557C951A6C304600C9947E /* 29pt@2x.png in Resources */ = {isa = PBXBuildFile; fileRef = 44557C8F1A6C304600C9947E /* 29pt@2x.png */; };
		44557C961A6C304600C9947E /* 40pt@2x.png in Resources */ = {isa = PBXBuildFile; fileRef = 44557C901A6C304600C9947E /* 40pt@2x.png */; };
		44557C971A6C304600C9947E /* 57pt.png in Resources */ = {isa = PBXBuildFile; fileRef = 44557C911A6C304600C9947E /* 57pt.png */; };
		44557C981A6C304600C9947E /* 57pt@2x.png in Resources */ = {isa = PBXBuildFile; fileRef = 44557C921A6C304600C9947E /* 57pt@2x.png */; };
		44557C991A6C304600C9947E /* 60pt@2x.png in Resources */ = {isa = PBXBuildFile; fileRef = 44557C931A6C304600C9947E /* 60pt@2x.png */; };
		44557C9A1A6C304600C9947E /* SNI Shield-2.png in Resources */ = {isa = PBXBuildFile; fileRef = 44557C941A6C304600C9947E /* SNI Shield-2.png */; };
		449C6C1E1A9FFB2B0078525E /* SNMainTableViewControllerRecord.m in Sources */ = {isa = PBXBuildFile; fileRef = 449C6C1D1A9FFB2B0078525E /* SNMainTableViewControllerRecord.m */; };
		449FC3911A17E20A00F15D62 /* SWRevealViewController.m in Sources */ = {isa = PBXBuildFile; fileRef = 449FC3901A17E20A00F15D62 /* SWRevealViewController.m */; };
		449FC39E1A17E87700F15D62 /* SNSidebarViewController.m in Sources */ = {isa = PBXBuildFile; fileRef = 449FC39D1A17E87700F15D62 /* SNSidebarViewController.m */; };
		44ACAFA11AB4A2F000610E1E /* SNBackgroundTaskManager.m in Sources */ = {isa = PBXBuildFile; fileRef = 44ACAF9E1AB4A2F000610E1E /* SNBackgroundTaskManager.m */; };
		44ACAFA21AB4A2F000610E1E /* SNLocationShareModel.m in Sources */ = {isa = PBXBuildFile; fileRef = 44ACAFA01AB4A2F000610E1E /* SNLocationShareModel.m */; };
		44ACAFA51AB8669500610E1E /* SNLocationTracker.m in Sources */ = {isa = PBXBuildFile; fileRef = 44ACAFA41AB8669500610E1E /* SNLocationTracker.m */; };
		44BEFC8D1A40CCC900F2FAE9 /* SNParentProfile.m in Sources */ = {isa = PBXBuildFile; fileRef = 44BEFC8C1A40CCC900F2FAE9 /* SNParentProfile.m */; };
		44CF80061A520CB5001171A0 /* SNTeenProfile.m in Sources */ = {isa = PBXBuildFile; fileRef = 44CF80051A520CB5001171A0 /* SNTeenProfile.m */; };
		44CF80081A5B0F97001171A0 /* MessageUI.framework in Frameworks */ = {isa = PBXBuildFile; fileRef = 44CF80071A5B0F97001171A0 /* MessageUI.framework */; };
		44CF800B1A5B7FD9001171A0 /* SNTeenProfileViewController.m in Sources */ = {isa = PBXBuildFile; fileRef = 44CF800A1A5B7FD9001171A0 /* SNTeenProfileViewController.m */; };
		44CF80111A5C7F8F001171A0 /* SNAboutViewController.m in Sources */ = {isa = PBXBuildFile; fileRef = 44CF80101A5C7F8F001171A0 /* SNAboutViewController.m */; };
		44D6EA401A9A35EB00EE5890 /* AVFoundation.framework in Frameworks */ = {isa = PBXBuildFile; fileRef = 44D6EA3F1A9A35EB00EE5890 /* AVFoundation.framework */; };
		44E537601A30D10C0081630F /* SNTableViewCell.m in Sources */ = {isa = PBXBuildFile; fileRef = 44E5375F1A30D10C0081630F /* SNTableViewCell.m */; };
		44F6CA351A16B10F008D8186 /* SNMainTableViewController.m in Sources */ = {isa = PBXBuildFile; fileRef = 44F6CA321A16B10F008D8186 /* SNMainTableViewController.m */; };
		44F6CA381A179A04008D8186 /* CoreLocation.framework in Frameworks */ = {isa = PBXBuildFile; fileRef = 44F6CA371A179A04008D8186 /* CoreLocation.framework */; };
		44F6CA3A1A17A426008D8186 /* QuartzCore.framework in Frameworks */ = {isa = PBXBuildFile; fileRef = 44F6CA391A17A426008D8186 /* QuartzCore.framework */; };
		44F6CA3C1A17A452008D8186 /* UIKit.framework in Frameworks */ = {isa = PBXBuildFile; fileRef = 44F6CA3B1A17A452008D8186 /* UIKit.framework */; };
		44F6CA3E1A17A81D008D8186 /* Foundation.framework in Frameworks */ = {isa = PBXBuildFile; fileRef = 44F6CA3D1A17A81D008D8186 /* Foundation.framework */; };
		44FA19121AAD211600AB461B /* Record-red-50-2.png in Resources */ = {isa = PBXBuildFile; fileRef = 44FA190D1AAD211600AB461B /* Record-red-50-2.png */; };
		44FA19131AAD211600AB461B /* Record-red-50-3.png in Resources */ = {isa = PBXBuildFile; fileRef = 44FA190E1AAD211600AB461B /* Record-red-50-3.png */; };
		44FA19141AAD211600AB461B /* Record-red-50.png in Resources */ = {isa = PBXBuildFile; fileRef = 44FA190F1AAD211600AB461B /* Record-red-50.png */; };
		44FA19151AAD211600AB461B /* Stop-red-50-2.png in Resources */ = {isa = PBXBuildFile; fileRef = 44FA19101AAD211600AB461B /* Stop-red-50-2.png */; };
		44FA19161AAD211600AB461B /* Stop-red-50.png in Resources */ = {isa = PBXBuildFile; fileRef = 44FA19111AAD211600AB461B /* Stop-red-50.png */; };
		44FA19191AAD226F00AB461B /* Stop-32.png in Resources */ = {isa = PBXBuildFile; fileRef = 44FA19171AAD226F00AB461B /* Stop-32.png */; };
		44FA191A1AAD226F00AB461B /* Stop-50.png in Resources */ = {isa = PBXBuildFile; fileRef = 44FA19181AAD226F00AB461B /* Stop-50.png */; };
/* End PBXBuildFile section */

/* Begin PBXContainerItemProxy section */
		44354C831A16922300FFD46D /* PBXContainerItemProxy */ = {
			isa = PBXContainerItemProxy;
			containerPortal = 44354C5E1A16922300FFD46D /* Project object */;
			proxyType = 1;
			remoteGlobalIDString = 44354C651A16922300FFD46D;
			remoteInfo = DrivingWhileTeen;
		};
/* End PBXContainerItemProxy section */

/* Begin PBXFileReference section */
		44354C661A16922300FFD46D /* DrivingWhileTeen.app */ = {isa = PBXFileReference; explicitFileType = wrapper.application; includeInIndex = 0; path = DrivingWhileTeen.app; sourceTree = BUILT_PRODUCTS_DIR; };
		44354C6A1A16922300FFD46D /* Info.plist */ = {isa = PBXFileReference; lastKnownFileType = text.plist.xml; path = Info.plist; sourceTree = "<group>"; };
		44354C6B1A16922300FFD46D /* main.m */ = {isa = PBXFileReference; lastKnownFileType = sourcecode.c.objc; path = main.m; sourceTree = "<group>"; };
		44354C6D1A16922300FFD46D /* AppDelegate.h */ = {isa = PBXFileReference; lastKnownFileType = sourcecode.c.h; path = AppDelegate.h; sourceTree = "<group>"; };
		44354C6E1A16922300FFD46D /* AppDelegate.m */ = {isa = PBXFileReference; lastKnownFileType = sourcecode.c.objc; path = AppDelegate.m; sourceTree = "<group>"; };
		44354C771A16922300FFD46D /* Base */ = {isa = PBXFileReference; lastKnownFileType = file.storyboard; name = Base; path = Base.lproj/Main.storyboard; sourceTree = "<group>"; };
		44354C791A16922300FFD46D /* Images.xcassets */ = {isa = PBXFileReference; lastKnownFileType = folder.assetcatalog; path = Images.xcassets; sourceTree = "<group>"; };
		44354C7C1A16922300FFD46D /* Base */ = {isa = PBXFileReference; lastKnownFileType = file.xib; name = Base; path = Base.lproj/LaunchScreen.xib; sourceTree = "<group>"; };
		44354C821A16922300FFD46D /* DrivingWhileTeenTests.xctest */ = {isa = PBXFileReference; explicitFileType = wrapper.cfbundle; includeInIndex = 0; path = DrivingWhileTeenTests.xctest; sourceTree = BUILT_PRODUCTS_DIR; };
		44354C871A16922300FFD46D /* Info.plist */ = {isa = PBXFileReference; lastKnownFileType = text.plist.xml; path = Info.plist; sourceTree = "<group>"; };
		44354C881A16922300FFD46D /* DrivingWhileTeenTests.m */ = {isa = PBXFileReference; lastKnownFileType = sourcecode.c.objc; path = DrivingWhileTeenTests.m; sourceTree = "<group>"; };
		443EF1561A2D691B008A5EA3 /* SNParentProfileViewController.h */ = {isa = PBXFileReference; fileEncoding = 4; lastKnownFileType = sourcecode.c.h; path = SNParentProfileViewController.h; sourceTree = "<group>"; };
		443EF1571A2D691B008A5EA3 /* SNParentProfileViewController.m */ = {isa = PBXFileReference; fileEncoding = 4; lastKnownFileType = sourcecode.c.objc; path = SNParentProfileViewController.m; sourceTree = "<group>"; };
		44557C371A6C1C9100C9947E /* SNI Shield.icns */ = {isa = PBXFileReference; lastKnownFileType = image.icns; path = "SNI Shield.icns"; sourceTree = "<group>"; };
		44557C391A6C1F9E00C9947E /* SNI Shield.png */ = {isa = PBXFileReference; lastKnownFileType = image.png; path = "SNI Shield.png"; sourceTree = "<group>"; };
		44557C3B1A6C245800C9947E /* down2-red-50.png */ = {isa = PBXFileReference; lastKnownFileType = image.png; path = "down2-red-50.png"; sourceTree = "<group>"; };
		44557C3C1A6C245800C9947E /* driver-red-50.png */ = {isa = PBXFileReference; lastKnownFileType = image.png; path = "driver-red-50.png"; sourceTree = "<group>"; };
		44557C3D1A6C245800C9947E /* engine-red-50.png */ = {isa = PBXFileReference; lastKnownFileType = image.png; path = "engine-red-50.png"; sourceTree = "<group>"; };
		44557C3E1A6C245800C9947E /* find_user-red-50.png */ = {isa = PBXFileReference; lastKnownFileType = image.png; path = "find_user-red-50.png"; sourceTree = "<group>"; };
		44557C3F1A6C245800C9947E /* flash_light-red-50.png */ = {isa = PBXFileReference; lastKnownFileType = image.png; path = "flash_light-red-50.png"; sourceTree = "<group>"; };
		44557C401A6C245800C9947E /* idea_bulb-red-50.png */ = {isa = PBXFileReference; lastKnownFileType = image.png; path = "idea_bulb-red-50.png"; sourceTree = "<group>"; };
		44557C411A6C245800C9947E /* iphone-red-50.png */ = {isa = PBXFileReference; lastKnownFileType = image.png; path = "iphone-red-50.png"; sourceTree = "<group>"; };
		44557C421A6C245800C9947E /* listen-red-50.png */ = {isa = PBXFileReference; lastKnownFileType = image.png; path = "listen-red-50.png"; sourceTree = "<group>"; };
		44557C431A6C245800C9947E /* menu-red-50.png */ = {isa = PBXFileReference; lastKnownFileType = image.png; path = "menu-red-50.png"; sourceTree = "<group>"; };
		44557C441A6C245800C9947E /* police_badge-red-50.png */ = {isa = PBXFileReference; lastKnownFileType = image.png; path = "police_badge-red-50.png"; sourceTree = "<group>"; };
		44557C451A6C245800C9947E /* question-red-50.png */ = {isa = PBXFileReference; lastKnownFileType = image.png; path = "question-red-50.png"; sourceTree = "<group>"; };
		44557C461A6C245800C9947E /* right-red-50.png */ = {isa = PBXFileReference; lastKnownFileType = image.png; path = "right-red-50.png"; sourceTree = "<group>"; };
		44557C471A6C245800C9947E /* right2-red-50.png */ = {isa = PBXFileReference; lastKnownFileType = image.png; path = "right2-red-50.png"; sourceTree = "<group>"; };
		44557C481A6C245800C9947E /* smartphone_tablet-red-50.png */ = {isa = PBXFileReference; lastKnownFileType = image.png; path = "smartphone_tablet-red-50.png"; sourceTree = "<group>"; };
		44557C491A6C245800C9947E /* steering_wheel-red-50.png */ = {isa = PBXFileReference; lastKnownFileType = image.png; path = "steering_wheel-red-50.png"; sourceTree = "<group>"; };
		44557C4A1A6C245800C9947E /* talk-red-50.png */ = {isa = PBXFileReference; lastKnownFileType = image.png; path = "talk-red-50.png"; sourceTree = "<group>"; };
		44557C4B1A6C245800C9947E /* two_smartphones-red-50.png */ = {isa = PBXFileReference; lastKnownFileType = image.png; path = "two_smartphones-red-50.png"; sourceTree = "<group>"; };
		44557C5D1A6C272F00C9947E /* about-red-50.png */ = {isa = PBXFileReference; lastKnownFileType = image.png; path = "about-red-50.png"; sourceTree = "<group>"; };
		44557C5E1A6C272F00C9947E /* camcoder-red-50.png */ = {isa = PBXFileReference; lastKnownFileType = image.png; path = "camcoder-red-50.png"; sourceTree = "<group>"; };
		44557C5F1A6C272F00C9947E /* carpool-red-50.png */ = {isa = PBXFileReference; lastKnownFileType = image.png; path = "carpool-red-50.png"; sourceTree = "<group>"; };
		44557C601A6C272F00C9947E /* date-red-50.png */ = {isa = PBXFileReference; lastKnownFileType = image.png; path = "date-red-50.png"; sourceTree = "<group>"; };
		44557C611A6C272F00C9947E /* Default-568h@2x.png */ = {isa = PBXFileReference; lastKnownFileType = image.png; path = "Default-568h@2x.png"; sourceTree = "<group>"; };
		44557C621A6C272F00C9947E /* Default.png */ = {isa = PBXFileReference; lastKnownFileType = image.png; path = Default.png; sourceTree = "<group>"; };
		44557C631A6C272F00C9947E /* Default@2x.png */ = {isa = PBXFileReference; lastKnownFileType = image.png; path = "Default@2x.png"; sourceTree = "<group>"; };
		44557C641A6C272F00C9947E /* edit_user-red-32.png */ = {isa = PBXFileReference; lastKnownFileType = image.png; path = "edit_user-red-32.png"; sourceTree = "<group>"; };
		44557C651A6C272F00C9947E /* edit_user-red-50.png */ = {isa = PBXFileReference; lastKnownFileType = image.png; path = "edit_user-red-50.png"; sourceTree = "<group>"; };
		44557C661A6C272F00C9947E /* email-red-32.png */ = {isa = PBXFileReference; lastKnownFileType = image.png; path = "email-red-32.png"; sourceTree = "<group>"; };
		44557C671A6C272F00C9947E /* email-red-50.png */ = {isa = PBXFileReference; lastKnownFileType = image.png; path = "email-red-50.png"; sourceTree = "<group>"; };
		44557C681A6C272F00C9947E /* gps_receiving-red-50.png */ = {isa = PBXFileReference; lastKnownFileType = image.png; path = "gps_receiving-red-50.png"; sourceTree = "<group>"; };
		44557C691A6C272F00C9947E /* location-red-50.png */ = {isa = PBXFileReference; lastKnownFileType = image.png; path = "location-red-50.png"; sourceTree = "<group>"; };
		44557C6A1A6C272F00C9947E /* map-red-50.png */ = {isa = PBXFileReference; lastKnownFileType = image.png; path = "map-red-50.png"; sourceTree = "<group>"; };
		44557C6B1A6C272F00C9947E /* menu-red-25.png */ = {isa = PBXFileReference; lastKnownFileType = image.png; path = "menu-red-25.png"; sourceTree = "<group>"; };
		44557C6C1A6C272F00C9947E /* menu-red-32.png */ = {isa = PBXFileReference; lastKnownFileType = image.png; path = "menu-red-32.png"; sourceTree = "<group>"; };
		44557C6D1A6C272F00C9947E /* parent_guardian-red-25.png */ = {isa = PBXFileReference; lastKnownFileType = image.png; path = "parent_guardian-red-25.png"; sourceTree = "<group>"; };
		44557C6E1A6C272F00C9947E /* parent_guardian-red-32.png */ = {isa = PBXFileReference; lastKnownFileType = image.png; path = "parent_guardian-red-32.png"; sourceTree = "<group>"; };
		44557C6F1A6C272F00C9947E /* parent_guardian-red-50.png */ = {isa = PBXFileReference; lastKnownFileType = image.png; path = "parent_guardian-red-50.png"; sourceTree = "<group>"; };
		44557C701A6C272F00C9947E /* phone1-red-32.png */ = {isa = PBXFileReference; lastKnownFileType = image.png; path = "phone1-red-32.png"; sourceTree = "<group>"; };
		44557C711A6C272F00C9947E /* phone1-red-50.png */ = {isa = PBXFileReference; lastKnownFileType = image.png; path = "phone1-red-50.png"; sourceTree = "<group>"; };
		44557C721A6C272F00C9947E /* phone2-red-50.png */ = {isa = PBXFileReference; lastKnownFileType = image.png; path = "phone2-red-50.png"; sourceTree = "<group>"; };
		44557C731A6C272F00C9947E /* settings-red-50.png */ = {isa = PBXFileReference; lastKnownFileType = image.png; path = "settings-red-50.png"; sourceTree = "<group>"; };
		44557C741A6C272F00C9947E /* SNI Shield.tiff */ = {isa = PBXFileReference; lastKnownFileType = image.tiff; path = "SNI Shield.tiff"; sourceTree = "<group>"; };
		44557C751A6C272F00C9947E /* talk-red-50 22-12-11-322.png */ = {isa = PBXFileReference; lastKnownFileType = image.png; path = "talk-red-50 22-12-11-322.png"; sourceTree = "<group>"; };
		44557C8F1A6C304600C9947E /* 29pt@2x.png */ = {isa = PBXFileReference; lastKnownFileType = image.png; path = "29pt@2x.png"; sourceTree = "<group>"; };
		44557C901A6C304600C9947E /* 40pt@2x.png */ = {isa = PBXFileReference; lastKnownFileType = image.png; path = "40pt@2x.png"; sourceTree = "<group>"; };
		44557C911A6C304600C9947E /* 57pt.png */ = {isa = PBXFileReference; lastKnownFileType = image.png; path = 57pt.png; sourceTree = "<group>"; };
		44557C921A6C304600C9947E /* 57pt@2x.png */ = {isa = PBXFileReference; lastKnownFileType = image.png; path = "57pt@2x.png"; sourceTree = "<group>"; };
		44557C931A6C304600C9947E /* 60pt@2x.png */ = {isa = PBXFileReference; lastKnownFileType = image.png; path = "60pt@2x.png"; sourceTree = "<group>"; };
		44557C941A6C304600C9947E /* SNI Shield-2.png */ = {isa = PBXFileReference; lastKnownFileType = image.png; path = "SNI Shield-2.png"; sourceTree = "<group>"; };
		449C6C1C1A9FFB2B0078525E /* SNMainTableViewControllerRecord.h */ = {isa = PBXFileReference; fileEncoding = 4; lastKnownFileType = sourcecode.c.h; path = SNMainTableViewControllerRecord.h; sourceTree = "<group>"; };
		449C6C1D1A9FFB2B0078525E /* SNMainTableViewControllerRecord.m */ = {isa = PBXFileReference; fileEncoding = 4; lastKnownFileType = sourcecode.c.objc; path = SNMainTableViewControllerRecord.m; sourceTree = "<group>"; };
		449FC38F1A17E20A00F15D62 /* SWRevealViewController.h */ = {isa = PBXFileReference; fileEncoding = 4; lastKnownFileType = sourcecode.c.h; path = SWRevealViewController.h; sourceTree = "<group>"; };
		449FC3901A17E20A00F15D62 /* SWRevealViewController.m */ = {isa = PBXFileReference; fileEncoding = 4; lastKnownFileType = sourcecode.c.objc; path = SWRevealViewController.m; sourceTree = "<group>"; };
		449FC39C1A17E87700F15D62 /* SNSidebarViewController.h */ = {isa = PBXFileReference; fileEncoding = 4; lastKnownFileType = sourcecode.c.h; path = SNSidebarViewController.h; sourceTree = "<group>"; };
		449FC39D1A17E87700F15D62 /* SNSidebarViewController.m */ = {isa = PBXFileReference; fileEncoding = 4; lastKnownFileType = sourcecode.c.objc; path = SNSidebarViewController.m; sourceTree = "<group>"; };
		44ACAF9D1AB4A2F000610E1E /* SNBackgroundTaskManager.h */ = {isa = PBXFileReference; fileEncoding = 4; lastKnownFileType = sourcecode.c.h; path = SNBackgroundTaskManager.h; sourceTree = "<group>"; };
		44ACAF9E1AB4A2F000610E1E /* SNBackgroundTaskManager.m */ = {isa = PBXFileReference; fileEncoding = 4; lastKnownFileType = sourcecode.c.objc; path = SNBackgroundTaskManager.m; sourceTree = "<group>"; };
		44ACAF9F1AB4A2F000610E1E /* SNLocationShareModel.h */ = {isa = PBXFileReference; fileEncoding = 4; lastKnownFileType = sourcecode.c.h; path = SNLocationShareModel.h; sourceTree = "<group>"; };
		44ACAFA01AB4A2F000610E1E /* SNLocationShareModel.m */ = {isa = PBXFileReference; fileEncoding = 4; lastKnownFileType = sourcecode.c.objc; path = SNLocationShareModel.m; sourceTree = "<group>"; };
		44ACAFA31AB8669500610E1E /* SNLocationTracker.h */ = {isa = PBXFileReference; fileEncoding = 4; lastKnownFileType = sourcecode.c.h; path = SNLocationTracker.h; sourceTree = "<group>"; };
		44ACAFA41AB8669500610E1E /* SNLocationTracker.m */ = {isa = PBXFileReference; fileEncoding = 4; lastKnownFileType = sourcecode.c.objc; path = SNLocationTracker.m; sourceTree = "<group>"; };
		44BEFC8B1A40CCC900F2FAE9 /* SNParentProfile.h */ = {isa = PBXFileReference; fileEncoding = 4; lastKnownFileType = sourcecode.c.h; path = SNParentProfile.h; sourceTree = "<group>"; };
		44BEFC8C1A40CCC900F2FAE9 /* SNParentProfile.m */ = {isa = PBXFileReference; fileEncoding = 4; lastKnownFileType = sourcecode.c.objc; path = SNParentProfile.m; sourceTree = "<group>"; };
		44CF80041A520CB5001171A0 /* SNTeenProfile.h */ = {isa = PBXFileReference; fileEncoding = 4; lastKnownFileType = sourcecode.c.h; path = SNTeenProfile.h; sourceTree = "<group>"; };
		44CF80051A520CB5001171A0 /* SNTeenProfile.m */ = {isa = PBXFileReference; fileEncoding = 4; lastKnownFileType = sourcecode.c.objc; path = SNTeenProfile.m; sourceTree = "<group>"; };
		44CF80071A5B0F97001171A0 /* MessageUI.framework */ = {isa = PBXFileReference; lastKnownFileType = wrapper.framework; name = MessageUI.framework; path = System/Library/Frameworks/MessageUI.framework; sourceTree = SDKROOT; };
		44CF80091A5B7FD9001171A0 /* SNTeenProfileViewController.h */ = {isa = PBXFileReference; fileEncoding = 4; lastKnownFileType = sourcecode.c.h; path = SNTeenProfileViewController.h; sourceTree = "<group>"; };
		44CF800A1A5B7FD9001171A0 /* SNTeenProfileViewController.m */ = {isa = PBXFileReference; fileEncoding = 4; lastKnownFileType = sourcecode.c.objc; path = SNTeenProfileViewController.m; sourceTree = "<group>"; };
		44CF800F1A5C7F8F001171A0 /* SNAboutViewController.h */ = {isa = PBXFileReference; fileEncoding = 4; lastKnownFileType = sourcecode.c.h; name = SNAboutViewController.h; path = ../SNAboutViewController.h; sourceTree = "<group>"; };
		44CF80101A5C7F8F001171A0 /* SNAboutViewController.m */ = {isa = PBXFileReference; fileEncoding = 4; lastKnownFileType = sourcecode.c.objc; name = SNAboutViewController.m; path = ../SNAboutViewController.m; sourceTree = "<group>"; };
		44D2A8251A74382200F62FEF /* DrivingWhileTeen.entitlements */ = {isa = PBXFileReference; lastKnownFileType = text.xml; path = DrivingWhileTeen.entitlements; sourceTree = "<group>"; };
		44D6EA3F1A9A35EB00EE5890 /* AVFoundation.framework */ = {isa = PBXFileReference; lastKnownFileType = wrapper.framework; name = AVFoundation.framework; path = System/Library/Frameworks/AVFoundation.framework; sourceTree = SDKROOT; };
		44E5375E1A30D10C0081630F /* SNTableViewCell.h */ = {isa = PBXFileReference; fileEncoding = 4; lastKnownFileType = sourcecode.c.h; path = SNTableViewCell.h; sourceTree = "<group>"; };
		44E5375F1A30D10C0081630F /* SNTableViewCell.m */ = {isa = PBXFileReference; fileEncoding = 4; lastKnownFileType = sourcecode.c.objc; path = SNTableViewCell.m; sourceTree = "<group>"; };
		44F6CA311A16B10F008D8186 /* SNMainTableViewController.h */ = {isa = PBXFileReference; fileEncoding = 4; lastKnownFileType = sourcecode.c.h; path = SNMainTableViewController.h; sourceTree = "<group>"; };
		44F6CA321A16B10F008D8186 /* SNMainTableViewController.m */ = {isa = PBXFileReference; fileEncoding = 4; lastKnownFileType = sourcecode.c.objc; path = SNMainTableViewController.m; sourceTree = "<group>"; };
		44F6CA371A179A04008D8186 /* CoreLocation.framework */ = {isa = PBXFileReference; lastKnownFileType = wrapper.framework; name = CoreLocation.framework; path = System/Library/Frameworks/CoreLocation.framework; sourceTree = SDKROOT; };
		44F6CA391A17A426008D8186 /* QuartzCore.framework */ = {isa = PBXFileReference; lastKnownFileType = wrapper.framework; name = QuartzCore.framework; path = System/Library/Frameworks/QuartzCore.framework; sourceTree = SDKROOT; };
		44F6CA3B1A17A452008D8186 /* UIKit.framework */ = {isa = PBXFileReference; lastKnownFileType = wrapper.framework; name = UIKit.framework; path = System/Library/Frameworks/UIKit.framework; sourceTree = SDKROOT; };
		44F6CA3D1A17A81D008D8186 /* Foundation.framework */ = {isa = PBXFileReference; lastKnownFileType = wrapper.framework; name = Foundation.framework; path = System/Library/Frameworks/Foundation.framework; sourceTree = SDKROOT; };
		44FA190D1AAD211600AB461B /* Record-red-50-2.png */ = {isa = PBXFileReference; lastKnownFileType = image.png; path = "Record-red-50-2.png"; sourceTree = "<group>"; };
		44FA190E1AAD211600AB461B /* Record-red-50-3.png */ = {isa = PBXFileReference; lastKnownFileType = image.png; path = "Record-red-50-3.png"; sourceTree = "<group>"; };
		44FA190F1AAD211600AB461B /* Record-red-50.png */ = {isa = PBXFileReference; lastKnownFileType = image.png; path = "Record-red-50.png"; sourceTree = "<group>"; };
		44FA19101AAD211600AB461B /* Stop-red-50-2.png */ = {isa = PBXFileReference; lastKnownFileType = image.png; path = "Stop-red-50-2.png"; sourceTree = "<group>"; };
		44FA19111AAD211600AB461B /* Stop-red-50.png */ = {isa = PBXFileReference; lastKnownFileType = image.png; path = "Stop-red-50.png"; sourceTree = "<group>"; };
		44FA19171AAD226F00AB461B /* Stop-32.png */ = {isa = PBXFileReference; lastKnownFileType = image.png; path = "Stop-32.png"; sourceTree = "<group>"; };
		44FA19181AAD226F00AB461B /* Stop-50.png */ = {isa = PBXFileReference; lastKnownFileType = image.png; path = "Stop-50.png"; sourceTree = "<group>"; };
/* End PBXFileReference section */

/* Begin PBXFrameworksBuildPhase section */
		44354C631A16922300FFD46D /* Frameworks */ = {
			isa = PBXFrameworksBuildPhase;
			buildActionMask = 2147483647;
			files = (
				44D6EA401A9A35EB00EE5890 /* AVFoundation.framework in Frameworks */,
				44CF80081A5B0F97001171A0 /* MessageUI.framework in Frameworks */,
				44F6CA3E1A17A81D008D8186 /* Foundation.framework in Frameworks */,
				44F6CA3C1A17A452008D8186 /* UIKit.framework in Frameworks */,
				44F6CA3A1A17A426008D8186 /* QuartzCore.framework in Frameworks */,
				44F6CA381A179A04008D8186 /* CoreLocation.framework in Frameworks */,
			);
			runOnlyForDeploymentPostprocessing = 0;
		};
		44354C7F1A16922300FFD46D /* Frameworks */ = {
			isa = PBXFrameworksBuildPhase;
			buildActionMask = 2147483647;
			files = (
			);
			runOnlyForDeploymentPostprocessing = 0;
		};
/* End PBXFrameworksBuildPhase section */

/* Begin PBXGroup section */
		44354C5D1A16922300FFD46D = {
			isa = PBXGroup;
			children = (
				44D6EA3F1A9A35EB00EE5890 /* AVFoundation.framework */,
				44CF80071A5B0F97001171A0 /* MessageUI.framework */,
				44F6CA3D1A17A81D008D8186 /* Foundation.framework */,
				44F6CA3B1A17A452008D8186 /* UIKit.framework */,
				44F6CA391A17A426008D8186 /* QuartzCore.framework */,
				44F6CA371A179A04008D8186 /* CoreLocation.framework */,
				44354C681A16922300FFD46D /* DrivingWhileTeen */,
				44354C851A16922300FFD46D /* DrivingWhileTeenTests */,
				44354C671A16922300FFD46D /* Products */,
			);
			sourceTree = "<group>";
		};
		44354C671A16922300FFD46D /* Products */ = {
			isa = PBXGroup;
			children = (
				44354C661A16922300FFD46D /* DrivingWhileTeen.app */,
				44354C821A16922300FFD46D /* DrivingWhileTeenTests.xctest */,
			);
			name = Products;
			sourceTree = "<group>";
		};
		44354C681A16922300FFD46D /* DrivingWhileTeen */ = {
			isa = PBXGroup;
			children = (
				449FC38E1A17E20A00F15D62 /* Library */,
				44F6C9841A1698A1008D8186 /* images */,
				44354C6D1A16922300FFD46D /* AppDelegate.h */,
				44354C6E1A16922300FFD46D /* AppDelegate.m */,
				44ACAF9D1AB4A2F000610E1E /* SNBackgroundTaskManager.h */,
				44ACAF9E1AB4A2F000610E1E /* SNBackgroundTaskManager.m */,
				44ACAFA31AB8669500610E1E /* SNLocationTracker.h */,
				44ACAFA41AB8669500610E1E /* SNLocationTracker.m */,
				44ACAF9F1AB4A2F000610E1E /* SNLocationShareModel.h */,
				44ACAFA01AB4A2F000610E1E /* SNLocationShareModel.m */,
				449C6C1C1A9FFB2B0078525E /* SNMainTableViewControllerRecord.h */,
				449C6C1D1A9FFB2B0078525E /* SNMainTableViewControllerRecord.m */,
				449FC39C1A17E87700F15D62 /* SNSidebarViewController.h */,
				449FC39D1A17E87700F15D62 /* SNSidebarViewController.m */,
				44F6CA311A16B10F008D8186 /* SNMainTableViewController.h */,
				44F6CA321A16B10F008D8186 /* SNMainTableViewController.m */,
				443EF1561A2D691B008A5EA3 /* SNParentProfileViewController.h */,
				443EF1571A2D691B008A5EA3 /* SNParentProfileViewController.m */,
				44CF80091A5B7FD9001171A0 /* SNTeenProfileViewController.h */,
				44CF800A1A5B7FD9001171A0 /* SNTeenProfileViewController.m */,
				44CF800F1A5C7F8F001171A0 /* SNAboutViewController.h */,
				44CF80101A5C7F8F001171A0 /* SNAboutViewController.m */,
				44E5375E1A30D10C0081630F /* SNTableViewCell.h */,
				44E5375F1A30D10C0081630F /* SNTableViewCell.m */,
				44BEFC8B1A40CCC900F2FAE9 /* SNParentProfile.h */,
				44BEFC8C1A40CCC900F2FAE9 /* SNParentProfile.m */,
				44CF80041A520CB5001171A0 /* SNTeenProfile.h */,
				44CF80051A520CB5001171A0 /* SNTeenProfile.m */,
				44D2A8251A74382200F62FEF /* DrivingWhileTeen.entitlements */,
				44354C761A16922300FFD46D /* Main.storyboard */,
				44354C791A16922300FFD46D /* Images.xcassets */,
				44354C7B1A16922300FFD46D /* LaunchScreen.xib */,
				44354C691A16922300FFD46D /* Supporting Files */,
			);
			path = DrivingWhileTeen;
			sourceTree = "<group>";
		};
		44354C691A16922300FFD46D /* Supporting Files */ = {
			isa = PBXGroup;
			children = (
				44354C6A1A16922300FFD46D /* Info.plist */,
				44354C6B1A16922300FFD46D /* main.m */,
			);
			name = "Supporting Files";
			sourceTree = "<group>";
		};
		44354C851A16922300FFD46D /* DrivingWhileTeenTests */ = {
			isa = PBXGroup;
			children = (
				44354C881A16922300FFD46D /* DrivingWhileTeenTests.m */,
				44354C861A16922300FFD46D /* Supporting Files */,
			);
			path = DrivingWhileTeenTests;
			sourceTree = "<group>";
		};
		44354C861A16922300FFD46D /* Supporting Files */ = {
			isa = PBXGroup;
			children = (
				44354C871A16922300FFD46D /* Info.plist */,
			);
			name = "Supporting Files";
			sourceTree = "<group>";
		};
		449FC38E1A17E20A00F15D62 /* Library */ = {
			isa = PBXGroup;
			children = (
				449FC38F1A17E20A00F15D62 /* SWRevealViewController.h */,
				449FC3901A17E20A00F15D62 /* SWRevealViewController.m */,
			);
			path = Library;
			sourceTree = "<group>";
		};
		44F6C9841A1698A1008D8186 /* images */ = {
			isa = PBXGroup;
			children = (
				44FA19171AAD226F00AB461B /* Stop-32.png */,
				44FA19181AAD226F00AB461B /* Stop-50.png */,
				44FA190D1AAD211600AB461B /* Record-red-50-2.png */,
				44FA190E1AAD211600AB461B /* Record-red-50-3.png */,
				44FA190F1AAD211600AB461B /* Record-red-50.png */,
				44FA19101AAD211600AB461B /* Stop-red-50-2.png */,
				44FA19111AAD211600AB461B /* Stop-red-50.png */,
				44557C8F1A6C304600C9947E /* 29pt@2x.png */,
				44557C901A6C304600C9947E /* 40pt@2x.png */,
				44557C911A6C304600C9947E /* 57pt.png */,
				44557C921A6C304600C9947E /* 57pt@2x.png */,
				44557C931A6C304600C9947E /* 60pt@2x.png */,
				44557C941A6C304600C9947E /* SNI Shield-2.png */,
				44557C5D1A6C272F00C9947E /* about-red-50.png */,
				44557C5E1A6C272F00C9947E /* camcoder-red-50.png */,
				44557C5F1A6C272F00C9947E /* carpool-red-50.png */,
				44557C601A6C272F00C9947E /* date-red-50.png */,
				44557C611A6C272F00C9947E /* Default-568h@2x.png */,
				44557C621A6C272F00C9947E /* Default.png */,
				44557C631A6C272F00C9947E /* Default@2x.png */,
				44557C641A6C272F00C9947E /* edit_user-red-32.png */,
				44557C651A6C272F00C9947E /* edit_user-red-50.png */,
				44557C661A6C272F00C9947E /* email-red-32.png */,
				44557C671A6C272F00C9947E /* email-red-50.png */,
				44557C681A6C272F00C9947E /* gps_receiving-red-50.png */,
				44557C691A6C272F00C9947E /* location-red-50.png */,
				44557C6A1A6C272F00C9947E /* map-red-50.png */,
				44557C6B1A6C272F00C9947E /* menu-red-25.png */,
				44557C6C1A6C272F00C9947E /* menu-red-32.png */,
				44557C6D1A6C272F00C9947E /* parent_guardian-red-25.png */,
				44557C6E1A6C272F00C9947E /* parent_guardian-red-32.png */,
				44557C6F1A6C272F00C9947E /* parent_guardian-red-50.png */,
				44557C701A6C272F00C9947E /* phone1-red-32.png */,
				44557C711A6C272F00C9947E /* phone1-red-50.png */,
				44557C721A6C272F00C9947E /* phone2-red-50.png */,
				44557C731A6C272F00C9947E /* settings-red-50.png */,
				44557C741A6C272F00C9947E /* SNI Shield.tiff */,
				44557C751A6C272F00C9947E /* talk-red-50 22-12-11-322.png */,
				44557C3B1A6C245800C9947E /* down2-red-50.png */,
				44557C3C1A6C245800C9947E /* driver-red-50.png */,
				44557C3D1A6C245800C9947E /* engine-red-50.png */,
				44557C3E1A6C245800C9947E /* find_user-red-50.png */,
				44557C3F1A6C245800C9947E /* flash_light-red-50.png */,
				44557C401A6C245800C9947E /* idea_bulb-red-50.png */,
				44557C411A6C245800C9947E /* iphone-red-50.png */,
				44557C421A6C245800C9947E /* listen-red-50.png */,
				44557C431A6C245800C9947E /* menu-red-50.png */,
				44557C441A6C245800C9947E /* police_badge-red-50.png */,
				44557C451A6C245800C9947E /* question-red-50.png */,
				44557C461A6C245800C9947E /* right-red-50.png */,
				44557C471A6C245800C9947E /* right2-red-50.png */,
				44557C481A6C245800C9947E /* smartphone_tablet-red-50.png */,
				44557C491A6C245800C9947E /* steering_wheel-red-50.png */,
				44557C4A1A6C245800C9947E /* talk-red-50.png */,
				44557C4B1A6C245800C9947E /* two_smartphones-red-50.png */,
				44557C391A6C1F9E00C9947E /* SNI Shield.png */,
				44557C371A6C1C9100C9947E /* SNI Shield.icns */,
			);
			path = images;
			sourceTree = "<group>";
		};
/* End PBXGroup section */

/* Begin PBXNativeTarget section */
		44354C651A16922300FFD46D /* DrivingWhileTeen */ = {
			isa = PBXNativeTarget;
			buildConfigurationList = 44354C8C1A16922300FFD46D /* Build configuration list for PBXNativeTarget "DrivingWhileTeen" */;
			buildPhases = (
				44354C621A16922300FFD46D /* Sources */,
				44354C631A16922300FFD46D /* Frameworks */,
				44354C641A16922300FFD46D /* Resources */,
			);
			buildRules = (
			);
			dependencies = (
			);
			name = DrivingWhileTeen;
			productName = DrivingWhileTeen;
			productReference = 44354C661A16922300FFD46D /* DrivingWhileTeen.app */;
			productType = "com.apple.product-type.application";
		};
		44354C811A16922300FFD46D /* DrivingWhileTeenTests */ = {
			isa = PBXNativeTarget;
			buildConfigurationList = 44354C8F1A16922300FFD46D /* Build configuration list for PBXNativeTarget "DrivingWhileTeenTests" */;
			buildPhases = (
				44354C7E1A16922300FFD46D /* Sources */,
				44354C7F1A16922300FFD46D /* Frameworks */,
				44354C801A16922300FFD46D /* Resources */,
			);
			buildRules = (
			);
			dependencies = (
				44354C841A16922300FFD46D /* PBXTargetDependency */,
			);
			name = DrivingWhileTeenTests;
			productName = DrivingWhileTeenTests;
			productReference = 44354C821A16922300FFD46D /* DrivingWhileTeenTests.xctest */;
			productType = "com.apple.product-type.bundle.unit-test";
		};
/* End PBXNativeTarget section */

/* Begin PBXProject section */
		44354C5E1A16922300FFD46D /* Project object */ = {
			isa = PBXProject;
			attributes = {
				CLASSPREFIX = SN;
				LastUpgradeCheck = 0610;
				ORGANIZATIONNAME = "SafeNet Industries";
				TargetAttributes = {
					44354C651A16922300FFD46D = {
						CreatedOnToolsVersion = 6.1;
						DevelopmentTeam = VPLND4RT6H;
						SystemCapabilities = {
							com.apple.BackgroundModes = {
								enabled = 1;
							};
							com.apple.InterAppAudio = {
								enabled = 0;
							};
							com.apple.Maps.iOS = {
								enabled = 0;
							};
							com.apple.iCloud = {
								enabled = 0;
							};
						};
					};
					44354C811A16922300FFD46D = {
						CreatedOnToolsVersion = 6.1;
						TestTargetID = 44354C651A16922300FFD46D;
					};
				};
			};
			buildConfigurationList = 44354C611A16922300FFD46D /* Build configuration list for PBXProject "DrivingWhileTeen" */;
			compatibilityVersion = "Xcode 3.2";
			developmentRegion = English;
			hasScannedForEncodings = 0;
			knownRegions = (
				en,
				Base,
			);
			mainGroup = 44354C5D1A16922300FFD46D;
			productRefGroup = 44354C671A16922300FFD46D /* Products */;
			projectDirPath = "";
			projectRoot = "";
			targets = (
				44354C651A16922300FFD46D /* DrivingWhileTeen */,
				44354C811A16922300FFD46D /* DrivingWhileTeenTests */,
			);
		};
/* End PBXProject section */

/* Begin PBXResourcesBuildPhase section */
		44354C641A16922300FFD46D /* Resources */ = {
			isa = PBXResourcesBuildPhase;
			buildActionMask = 2147483647;
			files = (
				44FA19151AAD211600AB461B /* Stop-red-50-2.png in Resources */,
				44557C841A6C272F00C9947E /* menu-red-25.png in Resources */,
				44FA191A1AAD226F00AB461B /* Stop-50.png in Resources */,
				44557C571A6C245800C9947E /* right-red-50.png in Resources */,
				44557C591A6C245800C9947E /* smartphone_tablet-red-50.png in Resources */,
				44557C551A6C245800C9947E /* police_badge-red-50.png in Resources */,
				44557C3A1A6C1F9E00C9947E /* SNI Shield.png in Resources */,
				44557C521A6C245800C9947E /* iphone-red-50.png in Resources */,
				44557C7F1A6C272F00C9947E /* email-red-32.png in Resources */,
				44354C781A16922300FFD46D /* Main.storyboard in Resources */,
				44FA19191AAD226F00AB461B /* Stop-32.png in Resources */,
				44557C801A6C272F00C9947E /* email-red-50.png in Resources */,
				44557C771A6C272F00C9947E /* camcoder-red-50.png in Resources */,
				44557C831A6C272F00C9947E /* map-red-50.png in Resources */,
				44557C861A6C272F00C9947E /* parent_guardian-red-25.png in Resources */,
				44557C511A6C245800C9947E /* idea_bulb-red-50.png in Resources */,
				44557C5B1A6C245800C9947E /* talk-red-50.png in Resources */,
				44557C381A6C1C9100C9947E /* SNI Shield.icns in Resources */,
				44557C891A6C272F00C9947E /* phone1-red-32.png in Resources */,
				44557C8E1A6C272F00C9947E /* talk-red-50 22-12-11-322.png in Resources */,
				44557C4D1A6C245800C9947E /* driver-red-50.png in Resources */,
				44557C8A1A6C272F00C9947E /* phone1-red-50.png in Resources */,
				44FA19161AAD211600AB461B /* Stop-red-50.png in Resources */,
				44557C7B1A6C272F00C9947E /* Default.png in Resources */,
				44557C9A1A6C304600C9947E /* SNI Shield-2.png in Resources */,
				44557C7A1A6C272F00C9947E /* Default-568h@2x.png in Resources */,
				44557C881A6C272F00C9947E /* parent_guardian-red-50.png in Resources */,
				44557C7D1A6C272F00C9947E /* edit_user-red-32.png in Resources */,
				44557C951A6C304600C9947E /* 29pt@2x.png in Resources */,
				44557C8B1A6C272F00C9947E /* phone2-red-50.png in Resources */,
				44557C8D1A6C272F00C9947E /* SNI Shield.tiff in Resources */,
				44557C871A6C272F00C9947E /* parent_guardian-red-32.png in Resources */,
				44557C4E1A6C245800C9947E /* engine-red-50.png in Resources */,
				44557C8C1A6C272F00C9947E /* settings-red-50.png in Resources */,
				44557C7E1A6C272F00C9947E /* edit_user-red-50.png in Resources */,
				44557C991A6C304600C9947E /* 60pt@2x.png in Resources */,
				44557C561A6C245800C9947E /* question-red-50.png in Resources */,
				44557C981A6C304600C9947E /* 57pt@2x.png in Resources */,
				44557C781A6C272F00C9947E /* carpool-red-50.png in Resources */,
				44557C541A6C245800C9947E /* menu-red-50.png in Resources */,
				44557C531A6C245800C9947E /* listen-red-50.png in Resources */,
				44FA19141AAD211600AB461B /* Record-red-50.png in Resources */,
				44557C821A6C272F00C9947E /* location-red-50.png in Resources */,
				44FA19121AAD211600AB461B /* Record-red-50-2.png in Resources */,
				44557C4C1A6C245800C9947E /* down2-red-50.png in Resources */,
				44557C501A6C245800C9947E /* flash_light-red-50.png in Resources */,
				44557C851A6C272F00C9947E /* menu-red-32.png in Resources */,
				44557C791A6C272F00C9947E /* date-red-50.png in Resources */,
				44557C5A1A6C245800C9947E /* steering_wheel-red-50.png in Resources */,
				44557C961A6C304600C9947E /* 40pt@2x.png in Resources */,
				44557C811A6C272F00C9947E /* gps_receiving-red-50.png in Resources */,
				44557C4F1A6C245800C9947E /* find_user-red-50.png in Resources */,
				44557C5C1A6C245800C9947E /* two_smartphones-red-50.png in Resources */,
				44FA19131AAD211600AB461B /* Record-red-50-3.png in Resources */,
				44354C7D1A16922300FFD46D /* LaunchScreen.xib in Resources */,
				44557C581A6C245800C9947E /* right2-red-50.png in Resources */,
				44557C7C1A6C272F00C9947E /* Default@2x.png in Resources */,
				44557C971A6C304600C9947E /* 57pt.png in Resources */,
				44557C761A6C272F00C9947E /* about-red-50.png in Resources */,
				44354C7A1A16922300FFD46D /* Images.xcassets in Resources */,
			);
			runOnlyForDeploymentPostprocessing = 0;
		};
		44354C801A16922300FFD46D /* Resources */ = {
			isa = PBXResourcesBuildPhase;
			buildActionMask = 2147483647;
			files = (
			);
			runOnlyForDeploymentPostprocessing = 0;
		};
/* End PBXResourcesBuildPhase section */

/* Begin PBXSourcesBuildPhase section */
		44354C621A16922300FFD46D /* Sources */ = {
			isa = PBXSourcesBuildPhase;
			buildActionMask = 2147483647;
			files = (
				44CF80061A520CB5001171A0 /* SNTeenProfile.m in Sources */,
				44BEFC8D1A40CCC900F2FAE9 /* SNParentProfile.m in Sources */,
				44354C6F1A16922300FFD46D /* AppDelegate.m in Sources */,
				44CF800B1A5B7FD9001171A0 /* SNTeenProfileViewController.m in Sources */,
				44E537601A30D10C0081630F /* SNTableViewCell.m in Sources */,
				44CF80111A5C7F8F001171A0 /* SNAboutViewController.m in Sources */,
				44ACAFA11AB4A2F000610E1E /* SNBackgroundTaskManager.m in Sources */,
				443EF1581A2D691B008A5EA3 /* SNParentProfileViewController.m in Sources */,
				44ACAFA51AB8669500610E1E /* SNLocationTracker.m in Sources */,
				449FC3911A17E20A00F15D62 /* SWRevealViewController.m in Sources */,
				449C6C1E1A9FFB2B0078525E /* SNMainTableViewControllerRecord.m in Sources */,
				449FC39E1A17E87700F15D62 /* SNSidebarViewController.m in Sources */,
				44F6CA351A16B10F008D8186 /* SNMainTableViewController.m in Sources */,
				44ACAFA21AB4A2F000610E1E /* SNLocationShareModel.m in Sources */,
				44354C6C1A16922300FFD46D /* main.m in Sources */,
			);
			runOnlyForDeploymentPostprocessing = 0;
		};
		44354C7E1A16922300FFD46D /* Sources */ = {
			isa = PBXSourcesBuildPhase;
			buildActionMask = 2147483647;
			files = (
				44354C891A16922300FFD46D /* DrivingWhileTeenTests.m in Sources */,
			);
			runOnlyForDeploymentPostprocessing = 0;
		};
/* End PBXSourcesBuildPhase section */

/* Begin PBXTargetDependency section */
		44354C841A16922300FFD46D /* PBXTargetDependency */ = {
			isa = PBXTargetDependency;
			target = 44354C651A16922300FFD46D /* DrivingWhileTeen */;
			targetProxy = 44354C831A16922300FFD46D /* PBXContainerItemProxy */;
		};
/* End PBXTargetDependency section */

/* Begin PBXVariantGroup section */
		44354C761A16922300FFD46D /* Main.storyboard */ = {
			isa = PBXVariantGroup;
			children = (
				44354C771A16922300FFD46D /* Base */,
			);
			name = Main.storyboard;
			sourceTree = "<group>";
		};
		44354C7B1A16922300FFD46D /* LaunchScreen.xib */ = {
			isa = PBXVariantGroup;
			children = (
				44354C7C1A16922300FFD46D /* Base */,
			);
			name = LaunchScreen.xib;
			sourceTree = "<group>";
		};
/* End PBXVariantGroup section */

/* Begin XCBuildConfiguration section */
		44354C8A1A16922300FFD46D /* Debug */ = {
			isa = XCBuildConfiguration;
			buildSettings = {
				ALWAYS_SEARCH_USER_PATHS = NO;
				CLANG_CXX_LANGUAGE_STANDARD = "gnu++0x";
				CLANG_CXX_LIBRARY = "libc++";
				CLANG_ENABLE_MODULES = YES;
				CLANG_ENABLE_OBJC_ARC = YES;
				CLANG_WARN_BOOL_CONVERSION = YES;
				CLANG_WARN_CONSTANT_CONVERSION = YES;
				CLANG_WARN_DIRECT_OBJC_ISA_USAGE = YES_ERROR;
				CLANG_WARN_EMPTY_BODY = YES;
				CLANG_WARN_ENUM_CONVERSION = YES;
				CLANG_WARN_INT_CONVERSION = YES;
				CLANG_WARN_OBJC_ROOT_CLASS = YES_ERROR;
				CLANG_WARN_UNREACHABLE_CODE = YES;
				CLANG_WARN__DUPLICATE_METHOD_MATCH = YES;
				"CODE_SIGN_IDENTITY[sdk=iphoneos*]" = "iPhone Developer";
				COPY_PHASE_STRIP = NO;
				ENABLE_STRICT_OBJC_MSGSEND = YES;
				GCC_C_LANGUAGE_STANDARD = gnu99;
				GCC_DYNAMIC_NO_PIC = NO;
				GCC_OPTIMIZATION_LEVEL = 0;
				GCC_PREPROCESSOR_DEFINITIONS = (
					"DEBUG=1",
					"$(inherited)",
				);
				GCC_SYMBOLS_PRIVATE_EXTERN = NO;
				GCC_WARN_64_TO_32_BIT_CONVERSION = YES;
				GCC_WARN_ABOUT_RETURN_TYPE = YES_ERROR;
				GCC_WARN_UNDECLARED_SELECTOR = YES;
				GCC_WARN_UNINITIALIZED_AUTOS = YES_AGGRESSIVE;
				GCC_WARN_UNUSED_FUNCTION = YES;
				GCC_WARN_UNUSED_VARIABLE = YES;
				IPHONEOS_DEPLOYMENT_TARGET = 8.1;
				MTL_ENABLE_DEBUG_INFO = YES;
				ONLY_ACTIVE_ARCH = YES;
				SDKROOT = iphoneos;
			};
			name = Debug;
		};
		44354C8B1A16922300FFD46D /* Release */ = {
			isa = XCBuildConfiguration;
			buildSettings = {
				ALWAYS_SEARCH_USER_PATHS = NO;
				CLANG_CXX_LANGUAGE_STANDARD = "gnu++0x";
				CLANG_CXX_LIBRARY = "libc++";
				CLANG_ENABLE_MODULES = YES;
				CLANG_ENABLE_OBJC_ARC = YES;
				CLANG_WARN_BOOL_CONVERSION = YES;
				CLANG_WARN_CONSTANT_CONVERSION = YES;
				CLANG_WARN_DIRECT_OBJC_ISA_USAGE = YES_ERROR;
				CLANG_WARN_EMPTY_BODY = YES;
				CLANG_WARN_ENUM_CONVERSION = YES;
				CLANG_WARN_INT_CONVERSION = YES;
				CLANG_WARN_OBJC_ROOT_CLASS = YES_ERROR;
				CLANG_WARN_UNREACHABLE_CODE = YES;
				CLANG_WARN__DUPLICATE_METHOD_MATCH = YES;
				"CODE_SIGN_IDENTITY[sdk=iphoneos*]" = "iPhone Developer";
				COPY_PHASE_STRIP = YES;
				ENABLE_NS_ASSERTIONS = NO;
				ENABLE_STRICT_OBJC_MSGSEND = YES;
				GCC_C_LANGUAGE_STANDARD = gnu99;
				GCC_WARN_64_TO_32_BIT_CONVERSION = YES;
				GCC_WARN_ABOUT_RETURN_TYPE = YES_ERROR;
				GCC_WARN_UNDECLARED_SELECTOR = YES;
				GCC_WARN_UNINITIALIZED_AUTOS = YES_AGGRESSIVE;
				GCC_WARN_UNUSED_FUNCTION = YES;
				GCC_WARN_UNUSED_VARIABLE = YES;
				IPHONEOS_DEPLOYMENT_TARGET = 8.1;
				MTL_ENABLE_DEBUG_INFO = NO;
				SDKROOT = iphoneos;
				VALIDATE_PRODUCT = YES;
			};
			name = Release;
		};
		44354C8D1A16922300FFD46D /* Debug */ = {
			isa = XCBuildConfiguration;
			buildSettings = {
				ASSETCATALOG_COMPILER_APPICON_NAME = AppIcon;
				CODE_SIGN_IDENTITY = "iPhone Developer";
				"CODE_SIGN_IDENTITY[sdk=iphoneos*]" = "iPhone Developer";
				INFOPLIST_FILE = DrivingWhileTeen/Info.plist;
				IPHONEOS_DEPLOYMENT_TARGET = 7.1;
				LD_RUNPATH_SEARCH_PATHS = "$(inherited) @executable_path/Frameworks";
				PRODUCT_NAME = "$(TARGET_NAME)";
				PROVISIONING_PROFILE = "";
				TARGETED_DEVICE_FAMILY = 1;
			};
			name = Debug;
		};
		44354C8E1A16922300FFD46D /* Release */ = {
			isa = XCBuildConfiguration;
			buildSettings = {
				ASSETCATALOG_COMPILER_APPICON_NAME = AppIcon;
				CODE_SIGN_IDENTITY = "iPhone Developer";
				"CODE_SIGN_IDENTITY[sdk=iphoneos*]" = "iPhone Developer";
				INFOPLIST_FILE = DrivingWhileTeen/Info.plist;
				IPHONEOS_DEPLOYMENT_TARGET = 7.1;
				LD_RUNPATH_SEARCH_PATHS = "$(inherited) @executable_path/Frameworks";
				PRODUCT_NAME = "$(TARGET_NAME)";
				PROVISIONING_PROFILE = "";
				TARGETED_DEVICE_FAMILY = 1;
			};
			name = Release;
		};
		44354C901A16922300FFD46D /* Debug */ = {
			isa = XCBuildConfiguration;
			buildSettings = {
				BUNDLE_LOADER = "$(TEST_HOST)";
				FRAMEWORK_SEARCH_PATHS = (
					"$(SDKROOT)/Developer/Library/Frameworks",
					"$(inherited)",
				);
				GCC_PREPROCESSOR_DEFINITIONS = (
					"DEBUG=1",
					"$(inherited)",
				);
				INFOPLIST_FILE = DrivingWhileTeenTests/Info.plist;
				LD_RUNPATH_SEARCH_PATHS = "$(inherited) @executable_path/Frameworks @loader_path/Frameworks";
				PRODUCT_NAME = "$(TARGET_NAME)";
				TEST_HOST = "$(BUILT_PRODUCTS_DIR)/DrivingWhileTeen.app/DrivingWhileTeen";
			};
			name = Debug;
		};
		44354C911A16922300FFD46D /* Release */ = {
			isa = XCBuildConfiguration;
			buildSettings = {
				BUNDLE_LOADER = "$(TEST_HOST)";
				FRAMEWORK_SEARCH_PATHS = (
					"$(SDKROOT)/Developer/Library/Frameworks",
					"$(inherited)",
				);
				INFOPLIST_FILE = DrivingWhileTeenTests/Info.plist;
				LD_RUNPATH_SEARCH_PATHS = "$(inherited) @executable_path/Frameworks @loader_path/Frameworks";
				PRODUCT_NAME = "$(TARGET_NAME)";
				TEST_HOST = "$(BUILT_PRODUCTS_DIR)/DrivingWhileTeen.app/DrivingWhileTeen";
			};
			name = Release;
		};
/* End XCBuildConfiguration section */

/* Begin XCConfigurationList section */
		44354C611A16922300FFD46D /* Build configuration list for PBXProject "DrivingWhileTeen" */ = {
			isa = XCConfigurationList;
			buildConfigurations = (
				44354C8A1A16922300FFD46D /* Debug */,
				44354C8B1A16922300FFD46D /* Release */,
			);
			defaultConfigurationIsVisible = 0;
			defaultConfigurationName = Release;
		};
		44354C8C1A16922300FFD46D /* Build configuration list for PBXNativeTarget "DrivingWhileTeen" */ = {
			isa = XCConfigurationList;
			buildConfigurations = (
				44354C8D1A16922300FFD46D /* Debug */,
				44354C8E1A16922300FFD46D /* Release */,
			);
			defaultConfigurationIsVisible = 0;
			defaultConfigurationName = Release;
		};
		44354C8F1A16922300FFD46D /* Build configuration list for PBXNativeTarget "DrivingWhileTeenTests" */ = {
			isa = XCConfigurationList;
			buildConfigurations = (
				44354C901A16922300FFD46D /* Debug */,
				44354C911A16922300FFD46D /* Release */,
			);
			defaultConfigurationIsVisible = 0;
			defaultConfigurationName = Release;
		};
/* End XCConfigurationList section */
	};
	rootObject = 44354C5E1A16922300FFD46D /* Project object */;
}
